
Microsoft Visual Studio Solution File, Format Version 12.00
# Visual Studio Version 16
VisualStudioVersion = 16.0.30804.86
MinimumVisualStudioVersion = 10.0.40219.1
Project("{FAE04EC0-301F-11D3-BF4B-00C04F79EFBC}") = "ZumoQuickstart", "ZumoQuickstart.csproj", "{345796C6-1B01-4163-A433-1AC1FEEE7978}"
EndProject
Global
	GlobalSection(SolutionConfigurationPlatforms) = preSolution
		Debug|Any CPU = Debug|Any CPU
		Release|Any CPU = Release|Any CPU
	EndGlobalSection
	GlobalSection(ProjectConfigurationPlatforms) = postSolution
		{345796C6-1B01-4163-A433-1AC1FEEE7978}.Debug|Any CPU.ActiveCfg = Debug|Any CPU
		{345796C6-1B01-4163-A433-1AC1FEEE7978}.Debug|Any CPU.Build.0 = Debug|Any CPU
		{345796C6-1B01-4163-A433-1AC1FEEE7978}.Release|Any CPU.ActiveCfg = Release|Any CPU
		{345796C6-1B01-4163-A433-1AC1FEEE7978}.Release|Any CPU.Build.0 = Release|Any CPU
	EndGlobalSection
	GlobalSection(SolutionProperties) = preSolution
		HideSolutionNode = FALSE
	EndGlobalSection
	GlobalSection(ExtensibilityGlobals) = postSolution
		SolutionGuid = {DC52D82A-1A5E-4E7D-A2C7-5756B7A89F32}
	EndGlobalSection
EndGlobal
