
Microsoft Visual Studio Solution File, Format Version 12.00
# Visual Studio Version 16
VisualStudioVersion = 16.0.30309.148
MinimumVisualStudioVersion = 10.0.40219.1
Project("{2150E333-8FDC-42A3-9474-1A3956D46DE8}") = "server", "server", "{817F35E1-FA09-4A13-821A-28DE2B903F46}"
EndProject
Project("{2150E333-8FDC-42A3-9474-1A3956D46DE8}") = "src", "src", "{DC683A50-7B8A-464A-911B-117C1CB5A2E9}"
EndProject
Project("{2150E333-8FDC-42A3-9474-1A3956D46DE8}") = "test", "test", "{718DA6E8-04DD-42A3-8892-9EF59D98F79D}"
EndProject
Project("{9A19103F-16F7-4668-BE54-9A1E7A4F7556}") = "Azure.Mobile.Server", "dotnet\server\src\Azure.Mobile.Server\Azure.Mobile.Server.csproj", "{C5A2D48A-0DBB-429E-AAF6-CC4EEAD53C72}"
EndProject
Project("{9A19103F-16F7-4668-BE54-9A1E7A4F7556}") = "Azure.Mobile.Server.Entity", "dotnet\server\src\Azure.Mobile.Server.Entity\Azure.Mobile.Server.Entity.csproj", "{4DD1F067-822E-4CDE-B322-B659A194DD29}"
EndProject
Project("{9A19103F-16F7-4668-BE54-9A1E7A4F7556}") = "Azure.Mobile.Server.Entity.Test", "dotnet\server\test\Azure.Mobile.Server.Entity.Test\Azure.Mobile.Server.Entity.Test.csproj", "{4D4530F7-84F4-4B13-A6FE-A18C50705606}"
EndProject
Project("{9A19103F-16F7-4668-BE54-9A1E7A4F7556}") = "Azure.Mobile.Server.Test", "dotnet\server\test\Azure.Mobile.Server.Test\Azure.Mobile.Server.Test.csproj", "{9CD5590B-3C3C-4C0F-9C13-F80B22935100}"
EndProject
Project("{2150E333-8FDC-42A3-9474-1A3956D46DE8}") = "Solution Items", "Solution Items", "{F497B335-304D-4B5D-B5E2-A49989E39B77}"
	ProjectSection(SolutionItems) = preProject
		CodeCoverage.runsettings = CodeCoverage.runsettings
	EndProjectSection
EndProject
Project("{2150E333-8FDC-42A3-9474-1A3956D46DE8}") = "samples", "samples", "{A6A816F1-EB1C-4C9A-8AB0-6119E7A79302}"
EndProject
Project("{9A19103F-16F7-4668-BE54-9A1E7A4F7556}") = "E2EServer", "dotnet\samples\E2EServer\E2EServer.csproj", "{6CAA29FD-10D6-4F12-AA14-ECA544AC9269}"
EndProject
Project("{2150E333-8FDC-42A3-9474-1A3956D46DE8}") = "client", "client", "{77AA4556-5C51-4A84-A1E2-C80A9EA29374}"
EndProject
Project("{2150E333-8FDC-42A3-9474-1A3956D46DE8}") = "src", "src", "{FEF7CEEF-50E3-4FDB-8F58-479C6B3B9BFB}"
EndProject
Project("{2150E333-8FDC-42A3-9474-1A3956D46DE8}") = "test", "test", "{055F0DAA-62AD-403D-8288-B60D02A0ABC1}"
EndProject
Project("{9A19103F-16F7-4668-BE54-9A1E7A4F7556}") = "Azure.Mobile.Client", "dotnet\client\src\Azure.Mobile.Client\Azure.Mobile.Client.csproj", "{AE882E4E-BD34-4994-86A9-B4E89DC42FC1}"
EndProject
Project("{FAE04EC0-301F-11D3-BF4B-00C04F79EFBC}") = "Azure.Mobile.Client.Test", "dotnet\client\test\Azure.Mobile.Client.Test\Azure.Mobile.Client.Test.csproj", "{B6D5BFCB-478C-495B-86CD-68AAFDEE6834}"
EndProject
Global
	GlobalSection(SolutionConfigurationPlatforms) = preSolution
		Debug|Any CPU = Debug|Any CPU
		Release|Any CPU = Release|Any CPU
	EndGlobalSection
	GlobalSection(ProjectConfigurationPlatforms) = postSolution
		{C5A2D48A-0DBB-429E-AAF6-CC4EEAD53C72}.Debug|Any CPU.ActiveCfg = Debug|Any CPU
		{C5A2D48A-0DBB-429E-AAF6-CC4EEAD53C72}.Debug|Any CPU.Build.0 = Debug|Any CPU
		{C5A2D48A-0DBB-429E-AAF6-CC4EEAD53C72}.Release|Any CPU.ActiveCfg = Release|Any CPU
		{C5A2D48A-0DBB-429E-AAF6-CC4EEAD53C72}.Release|Any CPU.Build.0 = Release|Any CPU
		{4DD1F067-822E-4CDE-B322-B659A194DD29}.Debug|Any CPU.ActiveCfg = Debug|Any CPU
		{4DD1F067-822E-4CDE-B322-B659A194DD29}.Debug|Any CPU.Build.0 = Debug|Any CPU
		{4DD1F067-822E-4CDE-B322-B659A194DD29}.Release|Any CPU.ActiveCfg = Release|Any CPU
		{4DD1F067-822E-4CDE-B322-B659A194DD29}.Release|Any CPU.Build.0 = Release|Any CPU
		{4D4530F7-84F4-4B13-A6FE-A18C50705606}.Debug|Any CPU.ActiveCfg = Debug|Any CPU
		{4D4530F7-84F4-4B13-A6FE-A18C50705606}.Debug|Any CPU.Build.0 = Debug|Any CPU
		{4D4530F7-84F4-4B13-A6FE-A18C50705606}.Release|Any CPU.ActiveCfg = Release|Any CPU
		{4D4530F7-84F4-4B13-A6FE-A18C50705606}.Release|Any CPU.Build.0 = Release|Any CPU
		{9CD5590B-3C3C-4C0F-9C13-F80B22935100}.Debug|Any CPU.ActiveCfg = Debug|Any CPU
		{9CD5590B-3C3C-4C0F-9C13-F80B22935100}.Debug|Any CPU.Build.0 = Debug|Any CPU
		{9CD5590B-3C3C-4C0F-9C13-F80B22935100}.Release|Any CPU.ActiveCfg = Release|Any CPU
		{9CD5590B-3C3C-4C0F-9C13-F80B22935100}.Release|Any CPU.Build.0 = Release|Any CPU
		{6CAA29FD-10D6-4F12-AA14-ECA544AC9269}.Debug|Any CPU.ActiveCfg = Debug|Any CPU
		{6CAA29FD-10D6-4F12-AA14-ECA544AC9269}.Debug|Any CPU.Build.0 = Debug|Any CPU
		{6CAA29FD-10D6-4F12-AA14-ECA544AC9269}.Release|Any CPU.ActiveCfg = Release|Any CPU
		{6CAA29FD-10D6-4F12-AA14-ECA544AC9269}.Release|Any CPU.Build.0 = Release|Any CPU
		{AE882E4E-BD34-4994-86A9-B4E89DC42FC1}.Debug|Any CPU.ActiveCfg = Debug|Any CPU
		{AE882E4E-BD34-4994-86A9-B4E89DC42FC1}.Debug|Any CPU.Build.0 = Debug|Any CPU
		{AE882E4E-BD34-4994-86A9-B4E89DC42FC1}.Release|Any CPU.ActiveCfg = Release|Any CPU
		{AE882E4E-BD34-4994-86A9-B4E89DC42FC1}.Release|Any CPU.Build.0 = Release|Any CPU
		{B6D5BFCB-478C-495B-86CD-68AAFDEE6834}.Debug|Any CPU.ActiveCfg = Debug|Any CPU
		{B6D5BFCB-478C-495B-86CD-68AAFDEE6834}.Debug|Any CPU.Build.0 = Debug|Any CPU
		{B6D5BFCB-478C-495B-86CD-68AAFDEE6834}.Release|Any CPU.ActiveCfg = Release|Any CPU
		{B6D5BFCB-478C-495B-86CD-68AAFDEE6834}.Release|Any CPU.Build.0 = Release|Any CPU
	EndGlobalSection
	GlobalSection(SolutionProperties) = preSolution
		HideSolutionNode = FALSE
	EndGlobalSection
	GlobalSection(NestedProjects) = preSolution
		{DC683A50-7B8A-464A-911B-117C1CB5A2E9} = {817F35E1-FA09-4A13-821A-28DE2B903F46}
		{718DA6E8-04DD-42A3-8892-9EF59D98F79D} = {817F35E1-FA09-4A13-821A-28DE2B903F46}
		{C5A2D48A-0DBB-429E-AAF6-CC4EEAD53C72} = {DC683A50-7B8A-464A-911B-117C1CB5A2E9}
		{4DD1F067-822E-4CDE-B322-B659A194DD29} = {DC683A50-7B8A-464A-911B-117C1CB5A2E9}
		{4D4530F7-84F4-4B13-A6FE-A18C50705606} = {718DA6E8-04DD-42A3-8892-9EF59D98F79D}
		{9CD5590B-3C3C-4C0F-9C13-F80B22935100} = {718DA6E8-04DD-42A3-8892-9EF59D98F79D}
		{6CAA29FD-10D6-4F12-AA14-ECA544AC9269} = {A6A816F1-EB1C-4C9A-8AB0-6119E7A79302}
		{FEF7CEEF-50E3-4FDB-8F58-479C6B3B9BFB} = {77AA4556-5C51-4A84-A1E2-C80A9EA29374}
		{055F0DAA-62AD-403D-8288-B60D02A0ABC1} = {77AA4556-5C51-4A84-A1E2-C80A9EA29374}
		{AE882E4E-BD34-4994-86A9-B4E89DC42FC1} = {FEF7CEEF-50E3-4FDB-8F58-479C6B3B9BFB}
		{B6D5BFCB-478C-495B-86CD-68AAFDEE6834} = {055F0DAA-62AD-403D-8288-B60D02A0ABC1}
	EndGlobalSection
	GlobalSection(ExtensibilityGlobals) = postSolution
		SolutionGuid = {3B7D84DF-EF2C-47CA-880E-D600E89CA1EB}
	EndGlobalSection
EndGlobal
