
Microsoft Visual Studio Solution File, Format Version 12.00
# Visual Studio Version 17
VisualStudioVersion = 17.0.31912.275
MinimumVisualStudioVersion = 10.0.40219.1
Project("{2150E333-8FDC-42A3-9474-1A3956D46DE8}") = "src", "src", "{4AD0B95F-AAF4-4E0A-95F1-111D71A92533}"
EndProject
Project("{9A19103F-16F7-4668-BE54-9A1E7A4F7556}") = "Microsoft.AspNetCore.Datasync", "src\Microsoft.AspNetCore.Datasync\Microsoft.AspNetCore.Datasync.csproj", "{6FCD8475-EA06-4810-B964-1A4B5F0A9F28}"
EndProject
Project("{9A19103F-16F7-4668-BE54-9A1E7A4F7556}") = "Microsoft.AspNetCore.Datasync.InMemory", "src\Microsoft.AspNetCore.Datasync.InMemory\Microsoft.AspNetCore.Datasync.InMemory.csproj", "{0568C5EB-DC55-4406-8375-A49789A37FEC}"
EndProject
Project("{9A19103F-16F7-4668-BE54-9A1E7A4F7556}") = "Microsoft.AspNetCore.Datasync.EFCore", "src\Microsoft.AspNetCore.Datasync.EFCore\Microsoft.AspNetCore.Datasync.EFCore.csproj", "{28C62B18-6FC4-426A-839B-EDD92EB6B121}"
EndProject
Project("{2150E333-8FDC-42A3-9474-1A3956D46DE8}") = "test", "test", "{FC1EEC9E-3B6D-487B-80AF-DF63352EC02A}"
EndProject
Project("{9A19103F-16F7-4668-BE54-9A1E7A4F7556}") = "Datasync.Common.Test", "test\Datasync.Common.Test\Datasync.Common.Test.csproj", "{B2CCFF82-1E32-40EA-919C-4C9C08D1D0E1}"
EndProject
Project("{9A19103F-16F7-4668-BE54-9A1E7A4F7556}") = "Microsoft.AspNetCore.Datasync.InMemory.Test", "test\Microsoft.AspNetCore.Datasync.InMemory.Test\Microsoft.AspNetCore.Datasync.InMemory.Test.csproj", "{B07EB39C-A7C0-4215-B798-6B566A5F50AD}"
EndProject
Project("{9A19103F-16F7-4668-BE54-9A1E7A4F7556}") = "Microsoft.AspNetCore.Datasync.EFCore.Test", "test\Microsoft.AspNetCore.Datasync.EFCore.Test\Microsoft.AspNetCore.Datasync.EFCore.Test.csproj", "{83D54978-F01B-4745-8A8A-FA0004D9D476}"
EndProject
Project("{9A19103F-16F7-4668-BE54-9A1E7A4F7556}") = "Microsoft.AspNetCore.Datasync.Test", "test\Microsoft.AspNetCore.Datasync.Test\Microsoft.AspNetCore.Datasync.Test.csproj", "{191784ED-C684-40B9-9E7A-186D9EA5285B}"
EndProject
Project("{2150E333-8FDC-42A3-9474-1A3956D46DE8}") = "server", "server", "{1675CF58-54FE-474F-80AD-8E494662F2A4}"
EndProject
Project("{2150E333-8FDC-42A3-9474-1A3956D46DE8}") = "client", "client", "{EAE97D18-4D6B-4983-858E-4A7A5EF3043A}"
EndProject
Project("{2150E333-8FDC-42A3-9474-1A3956D46DE8}") = "server", "server", "{897BFB53-D437-4D6F-A581-DF708C560545}"
EndProject
Project("{2150E333-8FDC-42A3-9474-1A3956D46DE8}") = "client", "client", "{36374470-D235-4CD3-917D-BD036A657F6C}"
EndProject
Project("{9A19103F-16F7-4668-BE54-9A1E7A4F7556}") = "Microsoft.Datasync.Client", "src\Microsoft.Datasync.Client\Microsoft.Datasync.Client.csproj", "{59F9224B-3716-450C-A88B-8960478B3C22}"
EndProject
Project("{9A19103F-16F7-4668-BE54-9A1E7A4F7556}") = "Microsoft.Datasync.Client.Test", "test\Microsoft.Datasync.Client.Test\Microsoft.Datasync.Client.Test.csproj", "{1AEFC848-C5D9-4BC6-B407-DE6EAB68D6C8}"
EndProject
Project("{9A19103F-16F7-4668-BE54-9A1E7A4F7556}") = "Microsoft.AspNetCore.Datasync.Abstractions", "src\Microsoft.AspNetCore.Datasync.Abstractions\Microsoft.AspNetCore.Datasync.Abstractions.csproj", "{BFEB9691-4646-48C9-A3F9-AE499B365F75}"
EndProject
Project("{9A19103F-16F7-4668-BE54-9A1E7A4F7556}") = "Microsoft.Datasync.Integration.Test", "test\Microsoft.Datasync.Integration.Test\Microsoft.Datasync.Integration.Test.csproj", "{E3361D5F-DBA8-4599-86A1-D622193C778A}"
EndProject
Project("{9A19103F-16F7-4668-BE54-9A1E7A4F7556}") = "Microsoft.Datasync.Client.SQLiteStore", "src\Microsoft.Datasync.Client.SQLiteStore\Microsoft.Datasync.Client.SQLiteStore.csproj", "{785B83AD-D9B7-4FDB-9573-7452CAA8909B}"
EndProject
Project("{9A19103F-16F7-4668-BE54-9A1E7A4F7556}") = "Microsoft.Datasync.Client.SQLiteStore.Test", "test\Microsoft.Datasync.Client.SQLiteStore.Test\Microsoft.Datasync.Client.SQLiteStore.Test.csproj", "{759C5212-BE6F-494D-B320-0F03FADC3071}"
EndProject
Project("{9A19103F-16F7-4668-BE54-9A1E7A4F7556}") = "Microsoft.AspNetCore.Datasync.LiteDb", "src\Microsoft.AspNetCore.Datasync.LiteDb\Microsoft.AspNetCore.Datasync.LiteDb.csproj", "{6D3D1DB6-33B7-4077-9C58-EF8E2ECA3808}"
EndProject
Project("{9A19103F-16F7-4668-BE54-9A1E7A4F7556}") = "Microsoft.AspNetCore.Datasync.LiteDb.Test", "test\Microsoft.AspNetCore.Datasync.LiteDb.Test\Microsoft.AspNetCore.Datasync.LiteDb.Test.csproj", "{6E13D6AC-BD68-4362-A352-493729091D66}"
EndProject
Project("{FAE04EC0-301F-11D3-BF4B-00C04F79EFBC}") = "Microsoft.AspNetCore.Datasync.Automapper", "src\Microsoft.AspNetCore.Datasync.Automapper\Microsoft.AspNetCore.Datasync.Automapper.csproj", "{21B48FE5-73B5-4380-9FAD-3F0272120110}"
EndProject
Project("{FAE04EC0-301F-11D3-BF4B-00C04F79EFBC}") = "Microsoft.AspNetCore.Datasync.Automapper.Test", "test\Microsoft.AspNetCore.Datasync.Automapper.Test\Microsoft.AspNetCore.Datasync.Automapper.Test.csproj", "{05FD004E-D69F-4E38-A561-B87B27815BF6}"
EndProject
Global
	GlobalSection(SolutionConfigurationPlatforms) = preSolution
		Debug|Any CPU = Debug|Any CPU
		Release|Any CPU = Release|Any CPU
	EndGlobalSection
	GlobalSection(ProjectConfigurationPlatforms) = postSolution
		{6FCD8475-EA06-4810-B964-1A4B5F0A9F28}.Debug|Any CPU.ActiveCfg = Debug|Any CPU
		{6FCD8475-EA06-4810-B964-1A4B5F0A9F28}.Debug|Any CPU.Build.0 = Debug|Any CPU
		{6FCD8475-EA06-4810-B964-1A4B5F0A9F28}.Release|Any CPU.ActiveCfg = Release|Any CPU
		{6FCD8475-EA06-4810-B964-1A4B5F0A9F28}.Release|Any CPU.Build.0 = Release|Any CPU
		{0568C5EB-DC55-4406-8375-A49789A37FEC}.Debug|Any CPU.ActiveCfg = Debug|Any CPU
		{0568C5EB-DC55-4406-8375-A49789A37FEC}.Debug|Any CPU.Build.0 = Debug|Any CPU
		{0568C5EB-DC55-4406-8375-A49789A37FEC}.Release|Any CPU.ActiveCfg = Release|Any CPU
		{0568C5EB-DC55-4406-8375-A49789A37FEC}.Release|Any CPU.Build.0 = Release|Any CPU
		{28C62B18-6FC4-426A-839B-EDD92EB6B121}.Debug|Any CPU.ActiveCfg = Debug|Any CPU
		{28C62B18-6FC4-426A-839B-EDD92EB6B121}.Debug|Any CPU.Build.0 = Debug|Any CPU
		{28C62B18-6FC4-426A-839B-EDD92EB6B121}.Release|Any CPU.ActiveCfg = Release|Any CPU
		{28C62B18-6FC4-426A-839B-EDD92EB6B121}.Release|Any CPU.Build.0 = Release|Any CPU
		{B2CCFF82-1E32-40EA-919C-4C9C08D1D0E1}.Debug|Any CPU.ActiveCfg = Debug|Any CPU
		{B2CCFF82-1E32-40EA-919C-4C9C08D1D0E1}.Debug|Any CPU.Build.0 = Debug|Any CPU
		{B2CCFF82-1E32-40EA-919C-4C9C08D1D0E1}.Release|Any CPU.ActiveCfg = Release|Any CPU
		{B2CCFF82-1E32-40EA-919C-4C9C08D1D0E1}.Release|Any CPU.Build.0 = Release|Any CPU
		{B07EB39C-A7C0-4215-B798-6B566A5F50AD}.Debug|Any CPU.ActiveCfg = Debug|Any CPU
		{B07EB39C-A7C0-4215-B798-6B566A5F50AD}.Debug|Any CPU.Build.0 = Debug|Any CPU
		{B07EB39C-A7C0-4215-B798-6B566A5F50AD}.Release|Any CPU.ActiveCfg = Release|Any CPU
		{B07EB39C-A7C0-4215-B798-6B566A5F50AD}.Release|Any CPU.Build.0 = Release|Any CPU
		{83D54978-F01B-4745-8A8A-FA0004D9D476}.Debug|Any CPU.ActiveCfg = Debug|Any CPU
		{83D54978-F01B-4745-8A8A-FA0004D9D476}.Debug|Any CPU.Build.0 = Debug|Any CPU
		{83D54978-F01B-4745-8A8A-FA0004D9D476}.Release|Any CPU.ActiveCfg = Release|Any CPU
		{83D54978-F01B-4745-8A8A-FA0004D9D476}.Release|Any CPU.Build.0 = Release|Any CPU
		{191784ED-C684-40B9-9E7A-186D9EA5285B}.Debug|Any CPU.ActiveCfg = Debug|Any CPU
		{191784ED-C684-40B9-9E7A-186D9EA5285B}.Debug|Any CPU.Build.0 = Debug|Any CPU
		{191784ED-C684-40B9-9E7A-186D9EA5285B}.Release|Any CPU.ActiveCfg = Release|Any CPU
		{191784ED-C684-40B9-9E7A-186D9EA5285B}.Release|Any CPU.Build.0 = Release|Any CPU
		{59F9224B-3716-450C-A88B-8960478B3C22}.Debug|Any CPU.ActiveCfg = Debug|Any CPU
		{59F9224B-3716-450C-A88B-8960478B3C22}.Debug|Any CPU.Build.0 = Debug|Any CPU
		{59F9224B-3716-450C-A88B-8960478B3C22}.Release|Any CPU.ActiveCfg = Release|Any CPU
		{59F9224B-3716-450C-A88B-8960478B3C22}.Release|Any CPU.Build.0 = Release|Any CPU
		{1AEFC848-C5D9-4BC6-B407-DE6EAB68D6C8}.Debug|Any CPU.ActiveCfg = Debug|Any CPU
		{1AEFC848-C5D9-4BC6-B407-DE6EAB68D6C8}.Debug|Any CPU.Build.0 = Debug|Any CPU
		{1AEFC848-C5D9-4BC6-B407-DE6EAB68D6C8}.Release|Any CPU.ActiveCfg = Release|Any CPU
		{1AEFC848-C5D9-4BC6-B407-DE6EAB68D6C8}.Release|Any CPU.Build.0 = Release|Any CPU
		{BFEB9691-4646-48C9-A3F9-AE499B365F75}.Debug|Any CPU.ActiveCfg = Debug|Any CPU
		{BFEB9691-4646-48C9-A3F9-AE499B365F75}.Debug|Any CPU.Build.0 = Debug|Any CPU
		{BFEB9691-4646-48C9-A3F9-AE499B365F75}.Release|Any CPU.ActiveCfg = Release|Any CPU
		{BFEB9691-4646-48C9-A3F9-AE499B365F75}.Release|Any CPU.Build.0 = Release|Any CPU
		{E3361D5F-DBA8-4599-86A1-D622193C778A}.Debug|Any CPU.ActiveCfg = Debug|Any CPU
		{E3361D5F-DBA8-4599-86A1-D622193C778A}.Debug|Any CPU.Build.0 = Debug|Any CPU
		{E3361D5F-DBA8-4599-86A1-D622193C778A}.Release|Any CPU.ActiveCfg = Release|Any CPU
		{E3361D5F-DBA8-4599-86A1-D622193C778A}.Release|Any CPU.Build.0 = Release|Any CPU
		{785B83AD-D9B7-4FDB-9573-7452CAA8909B}.Debug|Any CPU.ActiveCfg = Debug|Any CPU
		{785B83AD-D9B7-4FDB-9573-7452CAA8909B}.Debug|Any CPU.Build.0 = Debug|Any CPU
		{785B83AD-D9B7-4FDB-9573-7452CAA8909B}.Release|Any CPU.ActiveCfg = Release|Any CPU
		{785B83AD-D9B7-4FDB-9573-7452CAA8909B}.Release|Any CPU.Build.0 = Release|Any CPU
		{759C5212-BE6F-494D-B320-0F03FADC3071}.Debug|Any CPU.ActiveCfg = Debug|Any CPU
		{759C5212-BE6F-494D-B320-0F03FADC3071}.Debug|Any CPU.Build.0 = Debug|Any CPU
		{759C5212-BE6F-494D-B320-0F03FADC3071}.Release|Any CPU.ActiveCfg = Release|Any CPU
		{759C5212-BE6F-494D-B320-0F03FADC3071}.Release|Any CPU.Build.0 = Release|Any CPU
		{6D3D1DB6-33B7-4077-9C58-EF8E2ECA3808}.Debug|Any CPU.ActiveCfg = Debug|Any CPU
		{6D3D1DB6-33B7-4077-9C58-EF8E2ECA3808}.Debug|Any CPU.Build.0 = Debug|Any CPU
		{6D3D1DB6-33B7-4077-9C58-EF8E2ECA3808}.Release|Any CPU.ActiveCfg = Release|Any CPU
		{6D3D1DB6-33B7-4077-9C58-EF8E2ECA3808}.Release|Any CPU.Build.0 = Release|Any CPU
		{6E13D6AC-BD68-4362-A352-493729091D66}.Debug|Any CPU.ActiveCfg = Debug|Any CPU
		{6E13D6AC-BD68-4362-A352-493729091D66}.Debug|Any CPU.Build.0 = Debug|Any CPU
		{6E13D6AC-BD68-4362-A352-493729091D66}.Release|Any CPU.ActiveCfg = Release|Any CPU
		{6E13D6AC-BD68-4362-A352-493729091D66}.Release|Any CPU.Build.0 = Release|Any CPU
		{21B48FE5-73B5-4380-9FAD-3F0272120110}.Debug|Any CPU.ActiveCfg = Debug|Any CPU
		{21B48FE5-73B5-4380-9FAD-3F0272120110}.Debug|Any CPU.Build.0 = Debug|Any CPU
		{21B48FE5-73B5-4380-9FAD-3F0272120110}.Release|Any CPU.ActiveCfg = Release|Any CPU
		{21B48FE5-73B5-4380-9FAD-3F0272120110}.Release|Any CPU.Build.0 = Release|Any CPU
		{05FD004E-D69F-4E38-A561-B87B27815BF6}.Debug|Any CPU.ActiveCfg = Debug|Any CPU
		{05FD004E-D69F-4E38-A561-B87B27815BF6}.Debug|Any CPU.Build.0 = Debug|Any CPU
		{05FD004E-D69F-4E38-A561-B87B27815BF6}.Release|Any CPU.ActiveCfg = Release|Any CPU
		{05FD004E-D69F-4E38-A561-B87B27815BF6}.Release|Any CPU.Build.0 = Release|Any CPU
	EndGlobalSection
	GlobalSection(SolutionProperties) = preSolution
		HideSolutionNode = FALSE
	EndGlobalSection
	GlobalSection(NestedProjects) = preSolution
		{6FCD8475-EA06-4810-B964-1A4B5F0A9F28} = {1675CF58-54FE-474F-80AD-8E494662F2A4}
		{0568C5EB-DC55-4406-8375-A49789A37FEC} = {1675CF58-54FE-474F-80AD-8E494662F2A4}
		{28C62B18-6FC4-426A-839B-EDD92EB6B121} = {1675CF58-54FE-474F-80AD-8E494662F2A4}
		{B2CCFF82-1E32-40EA-919C-4C9C08D1D0E1} = {FC1EEC9E-3B6D-487B-80AF-DF63352EC02A}
		{B07EB39C-A7C0-4215-B798-6B566A5F50AD} = {897BFB53-D437-4D6F-A581-DF708C560545}
		{83D54978-F01B-4745-8A8A-FA0004D9D476} = {897BFB53-D437-4D6F-A581-DF708C560545}
		{191784ED-C684-40B9-9E7A-186D9EA5285B} = {897BFB53-D437-4D6F-A581-DF708C560545}
		{1675CF58-54FE-474F-80AD-8E494662F2A4} = {4AD0B95F-AAF4-4E0A-95F1-111D71A92533}
		{EAE97D18-4D6B-4983-858E-4A7A5EF3043A} = {4AD0B95F-AAF4-4E0A-95F1-111D71A92533}
		{897BFB53-D437-4D6F-A581-DF708C560545} = {FC1EEC9E-3B6D-487B-80AF-DF63352EC02A}
		{36374470-D235-4CD3-917D-BD036A657F6C} = {FC1EEC9E-3B6D-487B-80AF-DF63352EC02A}
		{59F9224B-3716-450C-A88B-8960478B3C22} = {EAE97D18-4D6B-4983-858E-4A7A5EF3043A}
		{1AEFC848-C5D9-4BC6-B407-DE6EAB68D6C8} = {36374470-D235-4CD3-917D-BD036A657F6C}
		{BFEB9691-4646-48C9-A3F9-AE499B365F75} = {1675CF58-54FE-474F-80AD-8E494662F2A4}
		{E3361D5F-DBA8-4599-86A1-D622193C778A} = {FC1EEC9E-3B6D-487B-80AF-DF63352EC02A}
		{785B83AD-D9B7-4FDB-9573-7452CAA8909B} = {EAE97D18-4D6B-4983-858E-4A7A5EF3043A}
		{759C5212-BE6F-494D-B320-0F03FADC3071} = {36374470-D235-4CD3-917D-BD036A657F6C}
		{6D3D1DB6-33B7-4077-9C58-EF8E2ECA3808} = {1675CF58-54FE-474F-80AD-8E494662F2A4}
		{6E13D6AC-BD68-4362-A352-493729091D66} = {897BFB53-D437-4D6F-A581-DF708C560545}
		{21B48FE5-73B5-4380-9FAD-3F0272120110} = {1675CF58-54FE-474F-80AD-8E494662F2A4}
		{05FD004E-D69F-4E38-A561-B87B27815BF6} = {897BFB53-D437-4D6F-A581-DF708C560545}
	EndGlobalSection
	GlobalSection(ExtensibilityGlobals) = postSolution
		SolutionGuid = {A0CEDA72-A2EB-4741-98C3-6E5CFA65DF02}
	EndGlobalSection
EndGlobal
