
Microsoft Visual Studio Solution File, Format Version 12.00
# Visual Studio 15
VisualStudioVersion = 15.0.26228.9
MinimumVisualStudioVersion = 10.0.40219.1
Project("{2150E333-8FDC-42A3-9474-1A3956D46DE8}") = "src", "src", "{BBB08829-B162-40C7-A33A-AEBE20307743}"
EndProject
Project("{2150E333-8FDC-42A3-9474-1A3956D46DE8}") = "test", "test", "{2ED08A97-4DE7-4844-997C-D7EC334639C5}"
EndProject
Project("{FAE04EC0-301F-11D3-BF4B-00C04F79EFBC}") = "Microsoft.Azure.Mobile.Server", "src\Microsoft.Azure.Mobile.Server\Microsoft.Azure.Mobile.Server.csproj", "{A74DCCEE-A868-4C6A-91A4-B956FE44E5D7}"
EndProject
Project("{FAE04EC0-301F-11D3-BF4B-00C04F79EFBC}") = "Microsoft.Azure.Mobile.Server.Entity", "src\Microsoft.Azure.Mobile.Server.Entity\Microsoft.Azure.Mobile.Server.Entity.csproj", "{0E66AC7A-8139-46DE-B705-6529C6A18AFC}"
EndProject
Project("{FAE04EC0-301F-11D3-BF4B-00C04F79EFBC}") = "Microsoft.Azure.Mobile.Server.Tables", "src\Microsoft.Azure.Mobile.Server.Tables\Microsoft.Azure.Mobile.Server.Tables.csproj", "{726CCA9E-F04E-495E-BC44-866D206D221F}"
EndProject
Project("{FAE04EC0-301F-11D3-BF4B-00C04F79EFBC}") = "TestUtilities", "test\TestUtilities\TestUtilities.csproj", "{ACEE6DFC-1963-43A6-B9A3-2ABA2127AC2D}"
EndProject
Project("{FAE04EC0-301F-11D3-BF4B-00C04F79EFBC}") = "Microsoft.Azure.Mobile.Server.Test", "test\Microsoft.Azure.Mobile.Server.Test\Microsoft.Azure.Mobile.Server.Test.csproj", "{86DE078C-2F51-4AEC-8865-BB4F6FFA6CFE}"
EndProject
Project("{FAE04EC0-301F-11D3-BF4B-00C04F79EFBC}") = "Microsoft.Azure.Mobile.Server.Entity.Test", "test\Microsoft.Azure.Mobile.Server.Entity.Test\Microsoft.Azure.Mobile.Server.Entity.Test.csproj", "{550FC37C-EE29-4CF0-B90E-BFE8CC0913EA}"
EndProject
Project("{FAE04EC0-301F-11D3-BF4B-00C04F79EFBC}") = "Microsoft.Azure.Mobile.Server.Tables.Test", "test\Microsoft.Azure.Mobile.Server.Tables.Test\Microsoft.Azure.Mobile.Server.Tables.Test.csproj", "{92AE4D19-DA85-4146-8304-F9803901654C}"
EndProject
Project("{FAE04EC0-301F-11D3-BF4B-00C04F79EFBC}") = "Microsoft.Azure.Mobile.Server.Storage", "src\Microsoft.Azure.Mobile.Server.Storage\Microsoft.Azure.Mobile.Server.Storage.csproj", "{2F69A93F-58DA-4A8D-A391-B665F108DB51}"
EndProject
Project("{FAE04EC0-301F-11D3-BF4B-00C04F79EFBC}") = "Microsoft.Azure.Mobile.Server.Storage.Test", "test\Microsoft.Azure.Mobile.Server.Storage.Test\Microsoft.Azure.Mobile.Server.Storage.Test.csproj", "{41CE2870-5D43-4E4D-8CEB-47E80A37408A}"
EndProject
Project("{2150E333-8FDC-42A3-9474-1A3956D46DE8}") = "samples", "samples", "{7FBF1DBB-6B9B-42F5-B9A2-0CA0DDAEACED}"
EndProject
Project("{FAE04EC0-301F-11D3-BF4B-00C04F79EFBC}") = "SampleApp", "samples\SampleApp\SampleApp.csproj", "{E9D9FABF-B7A5-4E93-B14C-3EFC897D78AC}"
EndProject
Project("{FAE04EC0-301F-11D3-BF4B-00C04F79EFBC}") = "Microsoft.Azure.Mobile.Server.Authentication", "src\Microsoft.Azure.Mobile.Server.Authentication\Microsoft.Azure.Mobile.Server.Authentication.csproj", "{61FF8937-4EBF-4E16-B3E5-9A1DBA6833E3}"
EndProject
Project("{FAE04EC0-301F-11D3-BF4B-00C04F79EFBC}") = "Microsoft.Azure.Mobile.Server.CrossDomain", "src\Microsoft.Azure.Mobile.Server.CrossDomain\Microsoft.Azure.Mobile.Server.CrossDomain.csproj", "{AEEB858A-400B-4126-B9E3-EB65332417DC}"
EndProject
Project("{FAE04EC0-301F-11D3-BF4B-00C04F79EFBC}") = "Microsoft.Azure.Mobile.Server.Notifications", "src\Microsoft.Azure.Mobile.Server.Notifications\Microsoft.Azure.Mobile.Server.Notifications.csproj", "{72076E66-F0B1-40B8-8BDC-3F0E0C622486}"
EndProject
Project("{FAE04EC0-301F-11D3-BF4B-00C04F79EFBC}") = "Microsoft.Azure.Mobile.Server.Quickstart", "src\Microsoft.Azure.Mobile.Server.Quickstart\Microsoft.Azure.Mobile.Server.Quickstart.csproj", "{F72D0710-4DD6-4751-8908-78F207229904}"
EndProject
Project("{FAE04EC0-301F-11D3-BF4B-00C04F79EFBC}") = "Microsoft.Azure.Mobile.Server.Authentication.Test", "test\Microsoft.Azure.Mobile.Server.Authentication.Test\Microsoft.Azure.Mobile.Server.Authentication.Test.csproj", "{F1EE0EE5-FE00-4AB3-BBAF-8CD8729153F9}"
EndProject
Project("{FAE04EC0-301F-11D3-BF4B-00C04F79EFBC}") = "Microsoft.Azure.Mobile.Server.CrossDomain.Test", "test\Microsoft.Azure.Mobile.Server.CrossDomain.Test\Microsoft.Azure.Mobile.Server.CrossDomain.Test.csproj", "{1221F0D5-34F0-4D32-8F17-A4482D3AB2AF}"
EndProject
Project("{FAE04EC0-301F-11D3-BF4B-00C04F79EFBC}") = "Microsoft.Azure.Mobile.Server.Notifications.Test", "test\Microsoft.Azure.Mobile.Server.Notifications.Test\Microsoft.Azure.Mobile.Server.Notifications.Test.csproj", "{C121A688-CB49-4776-85C7-D26CFC7E3A36}"
EndProject
Project("{FAE04EC0-301F-11D3-BF4B-00C04F79EFBC}") = "Microsoft.Azure.Mobile.Server.Quickstart.Test", "test\Microsoft.Azure.Mobile.Server.Quickstart.Test\Microsoft.Azure.Mobile.Server.Quickstart.Test.csproj", "{4A3AFC58-3C2D-45FF-8E90-8D5F586A3B5E}"
EndProject
Project("{FAE04EC0-301F-11D3-BF4B-00C04F79EFBC}") = "Microsoft.Azure.Mobile.Server.Home", "src\Microsoft.Azure.Mobile.Server.Home\Microsoft.Azure.Mobile.Server.Home.csproj", "{A42DC113-C021-4568-93BC-03824ECF29E1}"
EndProject
Project("{FAE04EC0-301F-11D3-BF4B-00C04F79EFBC}") = "Microsoft.Azure.Mobile.Server.Home.Test", "test\Microsoft.Azure.Mobile.Server.Home.Test\Microsoft.Azure.Mobile.Server.Home.Test.csproj", "{E5C1C151-13F1-4050-A4E8-642F76412973}"
EndProject
Project("{FAE04EC0-301F-11D3-BF4B-00C04F79EFBC}") = "Microsoft.Azure.Mobile.Server.Login", "src\Microsoft.Azure.Mobile.Server.Login\Microsoft.Azure.Mobile.Server.Login.csproj", "{4F8392EE-59FF-41A0-8E69-568352FA463F}"
EndProject
Project("{FAE04EC0-301F-11D3-BF4B-00C04F79EFBC}") = "Microsoft.Azure.Mobile.Server.Login.Test", "test\Microsoft.Azure.Mobile.Server.Login.Test\Microsoft.Azure.Mobile.Server.Login.Test.csproj", "{9271075D-1580-43EE-840E-11F156C7EEF9}"
EndProject
Project("{2150E333-8FDC-42A3-9474-1A3956D46DE8}") = "e2etest", "e2etest", "{1E947539-7C0F-4E90-951B-343E1E07995A}"
EndProject
Project("{FAE04EC0-301F-11D3-BF4B-00C04F79EFBC}") = "ZumoE2EServerApp", "e2etest\ZumoE2EServerApp.csproj", "{74BCC6A6-0BF1-4FF6-B63F-63E59FC0DE3A}"
	ProjectSection(ProjectDependencies) = postProject
		{F72D0710-4DD6-4751-8908-78F207229904} = {F72D0710-4DD6-4751-8908-78F207229904}
		{A42DC113-C021-4568-93BC-03824ECF29E1} = {A42DC113-C021-4568-93BC-03824ECF29E1}
		{3D029D1E-AA56-4984-8A16-B0ACFCED632D} = {3D029D1E-AA56-4984-8A16-B0ACFCED632D}
		{61FF8937-4EBF-4E16-B3E5-9A1DBA6833E3} = {61FF8937-4EBF-4E16-B3E5-9A1DBA6833E3}
		{72076E66-F0B1-40B8-8BDC-3F0E0C622486} = {72076E66-F0B1-40B8-8BDC-3F0E0C622486}
		{0E66AC7A-8139-46DE-B705-6529C6A18AFC} = {0E66AC7A-8139-46DE-B705-6529C6A18AFC}
		{AEEB858A-400B-4126-B9E3-EB65332417DC} = {AEEB858A-400B-4126-B9E3-EB65332417DC}
		{726CCA9E-F04E-495E-BC44-866D206D221F} = {726CCA9E-F04E-495E-BC44-866D206D221F}
		{4F8392EE-59FF-41A0-8E69-568352FA463F} = {4F8392EE-59FF-41A0-8E69-568352FA463F}
		{A74DCCEE-A868-4C6A-91A4-B956FE44E5D7} = {A74DCCEE-A868-4C6A-91A4-B956FE44E5D7}
	EndProjectSection
EndProject
Project("{FAE04EC0-301F-11D3-BF4B-00C04F79EFBC}") = "Microsoft.Azure.Mobile.Server.Swagger", "src\Microsoft.Azure.Mobile.Server.Swagger\Microsoft.Azure.Mobile.Server.Swagger.csproj", "{3D029D1E-AA56-4984-8A16-B0ACFCED632D}"
EndProject
Project("{FAE04EC0-301F-11D3-BF4B-00C04F79EFBC}") = "Microsoft.Azure.Mobile.Server.Swagger.Test", "test\Microsoft.Azure.Mobile.Server.Swagger.Test\Microsoft.Azure.Mobile.Server.Swagger.Test.csproj", "{4F717E31-8F5F-4F73-A729-7EDA50A45CAF}"
EndProject
Global
	GlobalSection(SolutionConfigurationPlatforms) = preSolution
		Debug|Any CPU = Debug|Any CPU
		Release|Any CPU = Release|Any CPU
		SdkRel|Any CPU = SdkRel|Any CPU
	EndGlobalSection
	GlobalSection(ProjectConfigurationPlatforms) = postSolution
		{A74DCCEE-A868-4C6A-91A4-B956FE44E5D7}.Debug|Any CPU.ActiveCfg = Debug|Any CPU
		{A74DCCEE-A868-4C6A-91A4-B956FE44E5D7}.Debug|Any CPU.Build.0 = Debug|Any CPU
		{A74DCCEE-A868-4C6A-91A4-B956FE44E5D7}.Release|Any CPU.ActiveCfg = Release|Any CPU
		{A74DCCEE-A868-4C6A-91A4-B956FE44E5D7}.Release|Any CPU.Build.0 = Release|Any CPU
		{A74DCCEE-A868-4C6A-91A4-B956FE44E5D7}.SdkRel|Any CPU.ActiveCfg = Release|Any CPU
		{A74DCCEE-A868-4C6A-91A4-B956FE44E5D7}.SdkRel|Any CPU.Build.0 = Release|Any CPU
		{0E66AC7A-8139-46DE-B705-6529C6A18AFC}.Debug|Any CPU.ActiveCfg = Debug|Any CPU
		{0E66AC7A-8139-46DE-B705-6529C6A18AFC}.Debug|Any CPU.Build.0 = Debug|Any CPU
		{0E66AC7A-8139-46DE-B705-6529C6A18AFC}.Release|Any CPU.ActiveCfg = Release|Any CPU
		{0E66AC7A-8139-46DE-B705-6529C6A18AFC}.Release|Any CPU.Build.0 = Release|Any CPU
		{0E66AC7A-8139-46DE-B705-6529C6A18AFC}.SdkRel|Any CPU.ActiveCfg = Release|Any CPU
		{0E66AC7A-8139-46DE-B705-6529C6A18AFC}.SdkRel|Any CPU.Build.0 = Release|Any CPU
		{726CCA9E-F04E-495E-BC44-866D206D221F}.Debug|Any CPU.ActiveCfg = Debug|Any CPU
		{726CCA9E-F04E-495E-BC44-866D206D221F}.Debug|Any CPU.Build.0 = Debug|Any CPU
		{726CCA9E-F04E-495E-BC44-866D206D221F}.Release|Any CPU.ActiveCfg = Release|Any CPU
		{726CCA9E-F04E-495E-BC44-866D206D221F}.Release|Any CPU.Build.0 = Release|Any CPU
		{726CCA9E-F04E-495E-BC44-866D206D221F}.SdkRel|Any CPU.ActiveCfg = Release|Any CPU
		{726CCA9E-F04E-495E-BC44-866D206D221F}.SdkRel|Any CPU.Build.0 = Release|Any CPU
		{ACEE6DFC-1963-43A6-B9A3-2ABA2127AC2D}.Debug|Any CPU.ActiveCfg = Debug|Any CPU
		{ACEE6DFC-1963-43A6-B9A3-2ABA2127AC2D}.Debug|Any CPU.Build.0 = Debug|Any CPU
		{ACEE6DFC-1963-43A6-B9A3-2ABA2127AC2D}.Release|Any CPU.ActiveCfg = Release|Any CPU
		{ACEE6DFC-1963-43A6-B9A3-2ABA2127AC2D}.Release|Any CPU.Build.0 = Release|Any CPU
		{ACEE6DFC-1963-43A6-B9A3-2ABA2127AC2D}.SdkRel|Any CPU.ActiveCfg = Release|Any CPU
		{ACEE6DFC-1963-43A6-B9A3-2ABA2127AC2D}.SdkRel|Any CPU.Build.0 = Release|Any CPU
		{86DE078C-2F51-4AEC-8865-BB4F6FFA6CFE}.Debug|Any CPU.ActiveCfg = Debug|Any CPU
		{86DE078C-2F51-4AEC-8865-BB4F6FFA6CFE}.Debug|Any CPU.Build.0 = Debug|Any CPU
		{86DE078C-2F51-4AEC-8865-BB4F6FFA6CFE}.Release|Any CPU.ActiveCfg = Release|Any CPU
		{86DE078C-2F51-4AEC-8865-BB4F6FFA6CFE}.Release|Any CPU.Build.0 = Release|Any CPU
		{86DE078C-2F51-4AEC-8865-BB4F6FFA6CFE}.SdkRel|Any CPU.ActiveCfg = Release|Any CPU
		{86DE078C-2F51-4AEC-8865-BB4F6FFA6CFE}.SdkRel|Any CPU.Build.0 = Release|Any CPU
		{550FC37C-EE29-4CF0-B90E-BFE8CC0913EA}.Debug|Any CPU.ActiveCfg = Debug|Any CPU
		{550FC37C-EE29-4CF0-B90E-BFE8CC0913EA}.Debug|Any CPU.Build.0 = Debug|Any CPU
		{550FC37C-EE29-4CF0-B90E-BFE8CC0913EA}.Release|Any CPU.ActiveCfg = Release|Any CPU
		{550FC37C-EE29-4CF0-B90E-BFE8CC0913EA}.Release|Any CPU.Build.0 = Release|Any CPU
		{550FC37C-EE29-4CF0-B90E-BFE8CC0913EA}.SdkRel|Any CPU.ActiveCfg = Release|Any CPU
		{550FC37C-EE29-4CF0-B90E-BFE8CC0913EA}.SdkRel|Any CPU.Build.0 = Release|Any CPU
		{92AE4D19-DA85-4146-8304-F9803901654C}.Debug|Any CPU.ActiveCfg = Debug|Any CPU
		{92AE4D19-DA85-4146-8304-F9803901654C}.Debug|Any CPU.Build.0 = Debug|Any CPU
		{92AE4D19-DA85-4146-8304-F9803901654C}.Release|Any CPU.ActiveCfg = Release|Any CPU
		{92AE4D19-DA85-4146-8304-F9803901654C}.Release|Any CPU.Build.0 = Release|Any CPU
		{92AE4D19-DA85-4146-8304-F9803901654C}.SdkRel|Any CPU.ActiveCfg = Release|Any CPU
		{92AE4D19-DA85-4146-8304-F9803901654C}.SdkRel|Any CPU.Build.0 = Release|Any CPU
		{2F69A93F-58DA-4A8D-A391-B665F108DB51}.Debug|Any CPU.ActiveCfg = Debug|Any CPU
		{2F69A93F-58DA-4A8D-A391-B665F108DB51}.Debug|Any CPU.Build.0 = Debug|Any CPU
		{2F69A93F-58DA-4A8D-A391-B665F108DB51}.Release|Any CPU.ActiveCfg = Release|Any CPU
		{2F69A93F-58DA-4A8D-A391-B665F108DB51}.Release|Any CPU.Build.0 = Release|Any CPU
		{2F69A93F-58DA-4A8D-A391-B665F108DB51}.SdkRel|Any CPU.ActiveCfg = Release|Any CPU
		{2F69A93F-58DA-4A8D-A391-B665F108DB51}.SdkRel|Any CPU.Build.0 = Release|Any CPU
		{41CE2870-5D43-4E4D-8CEB-47E80A37408A}.Debug|Any CPU.ActiveCfg = Debug|Any CPU
		{41CE2870-5D43-4E4D-8CEB-47E80A37408A}.Debug|Any CPU.Build.0 = Debug|Any CPU
		{41CE2870-5D43-4E4D-8CEB-47E80A37408A}.Release|Any CPU.ActiveCfg = Release|Any CPU
		{41CE2870-5D43-4E4D-8CEB-47E80A37408A}.Release|Any CPU.Build.0 = Release|Any CPU
		{41CE2870-5D43-4E4D-8CEB-47E80A37408A}.SdkRel|Any CPU.ActiveCfg = Release|Any CPU
		{41CE2870-5D43-4E4D-8CEB-47E80A37408A}.SdkRel|Any CPU.Build.0 = Release|Any CPU
		{E9D9FABF-B7A5-4E93-B14C-3EFC897D78AC}.Debug|Any CPU.ActiveCfg = Debug|Any CPU
		{E9D9FABF-B7A5-4E93-B14C-3EFC897D78AC}.Debug|Any CPU.Build.0 = Debug|Any CPU
		{E9D9FABF-B7A5-4E93-B14C-3EFC897D78AC}.Release|Any CPU.ActiveCfg = Release|Any CPU
		{E9D9FABF-B7A5-4E93-B14C-3EFC897D78AC}.Release|Any CPU.Build.0 = Release|Any CPU
		{E9D9FABF-B7A5-4E93-B14C-3EFC897D78AC}.SdkRel|Any CPU.ActiveCfg = Release|Any CPU
		{E9D9FABF-B7A5-4E93-B14C-3EFC897D78AC}.SdkRel|Any CPU.Build.0 = Release|Any CPU
		{61FF8937-4EBF-4E16-B3E5-9A1DBA6833E3}.Debug|Any CPU.ActiveCfg = Debug|Any CPU
		{61FF8937-4EBF-4E16-B3E5-9A1DBA6833E3}.Debug|Any CPU.Build.0 = Debug|Any CPU
		{61FF8937-4EBF-4E16-B3E5-9A1DBA6833E3}.Release|Any CPU.ActiveCfg = Release|Any CPU
		{61FF8937-4EBF-4E16-B3E5-9A1DBA6833E3}.Release|Any CPU.Build.0 = Release|Any CPU
		{61FF8937-4EBF-4E16-B3E5-9A1DBA6833E3}.SdkRel|Any CPU.ActiveCfg = Release|Any CPU
		{61FF8937-4EBF-4E16-B3E5-9A1DBA6833E3}.SdkRel|Any CPU.Build.0 = Release|Any CPU
		{AEEB858A-400B-4126-B9E3-EB65332417DC}.Debug|Any CPU.ActiveCfg = Debug|Any CPU
		{AEEB858A-400B-4126-B9E3-EB65332417DC}.Debug|Any CPU.Build.0 = Debug|Any CPU
		{AEEB858A-400B-4126-B9E3-EB65332417DC}.Release|Any CPU.ActiveCfg = Release|Any CPU
		{AEEB858A-400B-4126-B9E3-EB65332417DC}.Release|Any CPU.Build.0 = Release|Any CPU
		{AEEB858A-400B-4126-B9E3-EB65332417DC}.SdkRel|Any CPU.ActiveCfg = Release|Any CPU
		{AEEB858A-400B-4126-B9E3-EB65332417DC}.SdkRel|Any CPU.Build.0 = Release|Any CPU
		{72076E66-F0B1-40B8-8BDC-3F0E0C622486}.Debug|Any CPU.ActiveCfg = Debug|Any CPU
		{72076E66-F0B1-40B8-8BDC-3F0E0C622486}.Debug|Any CPU.Build.0 = Debug|Any CPU
		{72076E66-F0B1-40B8-8BDC-3F0E0C622486}.Release|Any CPU.ActiveCfg = Release|Any CPU
		{72076E66-F0B1-40B8-8BDC-3F0E0C622486}.Release|Any CPU.Build.0 = Release|Any CPU
		{72076E66-F0B1-40B8-8BDC-3F0E0C622486}.SdkRel|Any CPU.ActiveCfg = Release|Any CPU
		{72076E66-F0B1-40B8-8BDC-3F0E0C622486}.SdkRel|Any CPU.Build.0 = Release|Any CPU
		{F72D0710-4DD6-4751-8908-78F207229904}.Debug|Any CPU.ActiveCfg = Debug|Any CPU
		{F72D0710-4DD6-4751-8908-78F207229904}.Debug|Any CPU.Build.0 = Debug|Any CPU
		{F72D0710-4DD6-4751-8908-78F207229904}.Release|Any CPU.ActiveCfg = Release|Any CPU
		{F72D0710-4DD6-4751-8908-78F207229904}.Release|Any CPU.Build.0 = Release|Any CPU
		{F72D0710-4DD6-4751-8908-78F207229904}.SdkRel|Any CPU.ActiveCfg = Release|Any CPU
		{F72D0710-4DD6-4751-8908-78F207229904}.SdkRel|Any CPU.Build.0 = Release|Any CPU
		{F1EE0EE5-FE00-4AB3-BBAF-8CD8729153F9}.Debug|Any CPU.ActiveCfg = Debug|Any CPU
		{F1EE0EE5-FE00-4AB3-BBAF-8CD8729153F9}.Debug|Any CPU.Build.0 = Debug|Any CPU
		{F1EE0EE5-FE00-4AB3-BBAF-8CD8729153F9}.Release|Any CPU.ActiveCfg = Release|Any CPU
		{F1EE0EE5-FE00-4AB3-BBAF-8CD8729153F9}.Release|Any CPU.Build.0 = Release|Any CPU
		{F1EE0EE5-FE00-4AB3-BBAF-8CD8729153F9}.SdkRel|Any CPU.ActiveCfg = Release|Any CPU
		{F1EE0EE5-FE00-4AB3-BBAF-8CD8729153F9}.SdkRel|Any CPU.Build.0 = Release|Any CPU
		{1221F0D5-34F0-4D32-8F17-A4482D3AB2AF}.Debug|Any CPU.ActiveCfg = Debug|Any CPU
		{1221F0D5-34F0-4D32-8F17-A4482D3AB2AF}.Debug|Any CPU.Build.0 = Debug|Any CPU
		{1221F0D5-34F0-4D32-8F17-A4482D3AB2AF}.Release|Any CPU.ActiveCfg = Release|Any CPU
		{1221F0D5-34F0-4D32-8F17-A4482D3AB2AF}.Release|Any CPU.Build.0 = Release|Any CPU
		{1221F0D5-34F0-4D32-8F17-A4482D3AB2AF}.SdkRel|Any CPU.ActiveCfg = Release|Any CPU
		{1221F0D5-34F0-4D32-8F17-A4482D3AB2AF}.SdkRel|Any CPU.Build.0 = Release|Any CPU
		{C121A688-CB49-4776-85C7-D26CFC7E3A36}.Debug|Any CPU.ActiveCfg = Debug|Any CPU
		{C121A688-CB49-4776-85C7-D26CFC7E3A36}.Debug|Any CPU.Build.0 = Debug|Any CPU
		{C121A688-CB49-4776-85C7-D26CFC7E3A36}.Release|Any CPU.ActiveCfg = Release|Any CPU
		{C121A688-CB49-4776-85C7-D26CFC7E3A36}.Release|Any CPU.Build.0 = Release|Any CPU
		{C121A688-CB49-4776-85C7-D26CFC7E3A36}.SdkRel|Any CPU.ActiveCfg = Release|Any CPU
		{C121A688-CB49-4776-85C7-D26CFC7E3A36}.SdkRel|Any CPU.Build.0 = Release|Any CPU
		{4A3AFC58-3C2D-45FF-8E90-8D5F586A3B5E}.Debug|Any CPU.ActiveCfg = Debug|Any CPU
		{4A3AFC58-3C2D-45FF-8E90-8D5F586A3B5E}.Debug|Any CPU.Build.0 = Debug|Any CPU
		{4A3AFC58-3C2D-45FF-8E90-8D5F586A3B5E}.Release|Any CPU.ActiveCfg = Release|Any CPU
		{4A3AFC58-3C2D-45FF-8E90-8D5F586A3B5E}.Release|Any CPU.Build.0 = Release|Any CPU
		{4A3AFC58-3C2D-45FF-8E90-8D5F586A3B5E}.SdkRel|Any CPU.ActiveCfg = Release|Any CPU
		{4A3AFC58-3C2D-45FF-8E90-8D5F586A3B5E}.SdkRel|Any CPU.Build.0 = Release|Any CPU
		{A42DC113-C021-4568-93BC-03824ECF29E1}.Debug|Any CPU.ActiveCfg = Debug|Any CPU
		{A42DC113-C021-4568-93BC-03824ECF29E1}.Debug|Any CPU.Build.0 = Debug|Any CPU
		{A42DC113-C021-4568-93BC-03824ECF29E1}.Release|Any CPU.ActiveCfg = Release|Any CPU
		{A42DC113-C021-4568-93BC-03824ECF29E1}.Release|Any CPU.Build.0 = Release|Any CPU
		{A42DC113-C021-4568-93BC-03824ECF29E1}.SdkRel|Any CPU.ActiveCfg = Release|Any CPU
		{A42DC113-C021-4568-93BC-03824ECF29E1}.SdkRel|Any CPU.Build.0 = Release|Any CPU
		{E5C1C151-13F1-4050-A4E8-642F76412973}.Debug|Any CPU.ActiveCfg = Debug|Any CPU
		{E5C1C151-13F1-4050-A4E8-642F76412973}.Debug|Any CPU.Build.0 = Debug|Any CPU
		{E5C1C151-13F1-4050-A4E8-642F76412973}.Release|Any CPU.ActiveCfg = Release|Any CPU
		{E5C1C151-13F1-4050-A4E8-642F76412973}.Release|Any CPU.Build.0 = Release|Any CPU
		{E5C1C151-13F1-4050-A4E8-642F76412973}.SdkRel|Any CPU.ActiveCfg = Release|Any CPU
		{E5C1C151-13F1-4050-A4E8-642F76412973}.SdkRel|Any CPU.Build.0 = Release|Any CPU
		{4F8392EE-59FF-41A0-8E69-568352FA463F}.Debug|Any CPU.ActiveCfg = Debug|Any CPU
		{4F8392EE-59FF-41A0-8E69-568352FA463F}.Debug|Any CPU.Build.0 = Debug|Any CPU
		{4F8392EE-59FF-41A0-8E69-568352FA463F}.Release|Any CPU.ActiveCfg = Release|Any CPU
		{4F8392EE-59FF-41A0-8E69-568352FA463F}.Release|Any CPU.Build.0 = Release|Any CPU
		{4F8392EE-59FF-41A0-8E69-568352FA463F}.SdkRel|Any CPU.ActiveCfg = Release|Any CPU
		{4F8392EE-59FF-41A0-8E69-568352FA463F}.SdkRel|Any CPU.Build.0 = Release|Any CPU
		{9271075D-1580-43EE-840E-11F156C7EEF9}.Debug|Any CPU.ActiveCfg = Debug|Any CPU
		{9271075D-1580-43EE-840E-11F156C7EEF9}.Debug|Any CPU.Build.0 = Debug|Any CPU
		{9271075D-1580-43EE-840E-11F156C7EEF9}.Release|Any CPU.ActiveCfg = Release|Any CPU
		{9271075D-1580-43EE-840E-11F156C7EEF9}.Release|Any CPU.Build.0 = Release|Any CPU
		{9271075D-1580-43EE-840E-11F156C7EEF9}.SdkRel|Any CPU.ActiveCfg = Release|Any CPU
		{9271075D-1580-43EE-840E-11F156C7EEF9}.SdkRel|Any CPU.Build.0 = Release|Any CPU
		{74BCC6A6-0BF1-4FF6-B63F-63E59FC0DE3A}.Debug|Any CPU.ActiveCfg = Debug|Any CPU
		{74BCC6A6-0BF1-4FF6-B63F-63E59FC0DE3A}.Debug|Any CPU.Build.0 = Debug|Any CPU
		{74BCC6A6-0BF1-4FF6-B63F-63E59FC0DE3A}.Release|Any CPU.ActiveCfg = Release|Any CPU
		{74BCC6A6-0BF1-4FF6-B63F-63E59FC0DE3A}.Release|Any CPU.Build.0 = Release|Any CPU
		{74BCC6A6-0BF1-4FF6-B63F-63E59FC0DE3A}.SdkRel|Any CPU.ActiveCfg = SdkRel|Any CPU
		{74BCC6A6-0BF1-4FF6-B63F-63E59FC0DE3A}.SdkRel|Any CPU.Build.0 = SdkRel|Any CPU
		{3D029D1E-AA56-4984-8A16-B0ACFCED632D}.Debug|Any CPU.ActiveCfg = Debug|Any CPU
		{3D029D1E-AA56-4984-8A16-B0ACFCED632D}.Debug|Any CPU.Build.0 = Debug|Any CPU
		{3D029D1E-AA56-4984-8A16-B0ACFCED632D}.Release|Any CPU.ActiveCfg = Release|Any CPU
		{3D029D1E-AA56-4984-8A16-B0ACFCED632D}.Release|Any CPU.Build.0 = Release|Any CPU
		{3D029D1E-AA56-4984-8A16-B0ACFCED632D}.SdkRel|Any CPU.ActiveCfg = Release|Any CPU
		{3D029D1E-AA56-4984-8A16-B0ACFCED632D}.SdkRel|Any CPU.Build.0 = Release|Any CPU
		{4F717E31-8F5F-4F73-A729-7EDA50A45CAF}.Debug|Any CPU.ActiveCfg = Debug|Any CPU
		{4F717E31-8F5F-4F73-A729-7EDA50A45CAF}.Debug|Any CPU.Build.0 = Debug|Any CPU
		{4F717E31-8F5F-4F73-A729-7EDA50A45CAF}.Release|Any CPU.ActiveCfg = Release|Any CPU
		{4F717E31-8F5F-4F73-A729-7EDA50A45CAF}.Release|Any CPU.Build.0 = Release|Any CPU
		{4F717E31-8F5F-4F73-A729-7EDA50A45CAF}.SdkRel|Any CPU.ActiveCfg = Release|Any CPU
		{4F717E31-8F5F-4F73-A729-7EDA50A45CAF}.SdkRel|Any CPU.Build.0 = Release|Any CPU
	EndGlobalSection
	GlobalSection(SolutionProperties) = preSolution
		HideSolutionNode = FALSE
	EndGlobalSection
	GlobalSection(NestedProjects) = preSolution
		{A74DCCEE-A868-4C6A-91A4-B956FE44E5D7} = {BBB08829-B162-40C7-A33A-AEBE20307743}
		{0E66AC7A-8139-46DE-B705-6529C6A18AFC} = {BBB08829-B162-40C7-A33A-AEBE20307743}
		{726CCA9E-F04E-495E-BC44-866D206D221F} = {BBB08829-B162-40C7-A33A-AEBE20307743}
		{ACEE6DFC-1963-43A6-B9A3-2ABA2127AC2D} = {2ED08A97-4DE7-4844-997C-D7EC334639C5}
		{86DE078C-2F51-4AEC-8865-BB4F6FFA6CFE} = {2ED08A97-4DE7-4844-997C-D7EC334639C5}
		{550FC37C-EE29-4CF0-B90E-BFE8CC0913EA} = {2ED08A97-4DE7-4844-997C-D7EC334639C5}
		{92AE4D19-DA85-4146-8304-F9803901654C} = {2ED08A97-4DE7-4844-997C-D7EC334639C5}
		{2F69A93F-58DA-4A8D-A391-B665F108DB51} = {BBB08829-B162-40C7-A33A-AEBE20307743}
		{41CE2870-5D43-4E4D-8CEB-47E80A37408A} = {2ED08A97-4DE7-4844-997C-D7EC334639C5}
		{E9D9FABF-B7A5-4E93-B14C-3EFC897D78AC} = {7FBF1DBB-6B9B-42F5-B9A2-0CA0DDAEACED}
		{61FF8937-4EBF-4E16-B3E5-9A1DBA6833E3} = {BBB08829-B162-40C7-A33A-AEBE20307743}
		{AEEB858A-400B-4126-B9E3-EB65332417DC} = {BBB08829-B162-40C7-A33A-AEBE20307743}
		{72076E66-F0B1-40B8-8BDC-3F0E0C622486} = {BBB08829-B162-40C7-A33A-AEBE20307743}
		{F72D0710-4DD6-4751-8908-78F207229904} = {BBB08829-B162-40C7-A33A-AEBE20307743}
		{F1EE0EE5-FE00-4AB3-BBAF-8CD8729153F9} = {2ED08A97-4DE7-4844-997C-D7EC334639C5}
		{1221F0D5-34F0-4D32-8F17-A4482D3AB2AF} = {2ED08A97-4DE7-4844-997C-D7EC334639C5}
		{C121A688-CB49-4776-85C7-D26CFC7E3A36} = {2ED08A97-4DE7-4844-997C-D7EC334639C5}
		{4A3AFC58-3C2D-45FF-8E90-8D5F586A3B5E} = {2ED08A97-4DE7-4844-997C-D7EC334639C5}
		{A42DC113-C021-4568-93BC-03824ECF29E1} = {BBB08829-B162-40C7-A33A-AEBE20307743}
		{E5C1C151-13F1-4050-A4E8-642F76412973} = {2ED08A97-4DE7-4844-997C-D7EC334639C5}
		{4F8392EE-59FF-41A0-8E69-568352FA463F} = {BBB08829-B162-40C7-A33A-AEBE20307743}
		{9271075D-1580-43EE-840E-11F156C7EEF9} = {2ED08A97-4DE7-4844-997C-D7EC334639C5}
		{74BCC6A6-0BF1-4FF6-B63F-63E59FC0DE3A} = {1E947539-7C0F-4E90-951B-343E1E07995A}
		{3D029D1E-AA56-4984-8A16-B0ACFCED632D} = {BBB08829-B162-40C7-A33A-AEBE20307743}
		{4F717E31-8F5F-4F73-A729-7EDA50A45CAF} = {2ED08A97-4DE7-4844-997C-D7EC334639C5}
	EndGlobalSection
EndGlobal
