Microsoft Visual Studio Solution File, Format Version 12.00
# Visual Studio Version 16
VisualStudioVersion = 16.0.30204.135
MinimumVisualStudioVersion = 10.0.40219.1
Project("{2150E333-8FDC-42A3-9474-1A3956D46DE8}") = "src", "src", "{28D05719-6DC4-4962-BC7E-75F9C72E695C}"
EndProject
Project("{9A19103F-16F7-4668-BE54-9A1E7A4F7556}") = "Microsoft.Azure.Mobile.Client", "src\Microsoft.Azure.Mobile.Client\Microsoft.Azure.Mobile.Client.csproj", "{04FC5444-1240-41D7-9AA8-648B9A465C9D}"
EndProject
Project("{9A19103F-16F7-4668-BE54-9A1E7A4F7556}") = "Microsoft.Azure.Mobile.Client.SQLiteStore", "src\Microsoft.Azure.Mobile.Client.SQLiteStore\Microsoft.Azure.Mobile.Client.SQLiteStore.csproj", "{99C2F464-172A-4B49-93B7-9B0E4FED1310}"
EndProject
Project("{2150E333-8FDC-42A3-9474-1A3956D46DE8}") = "Solution Items", "Solution Items", "{72B8DDF7-4FA7-4071-8C44-448D9175EFAB}"
	ProjectSection(SolutionItems) = preProject
		CHANGELOG.md = CHANGELOG.md
		LICENSE.txt = LICENSE.txt
		README.md = README.md
		SUPPORT.md = SUPPORT.md
	EndProjectSection
EndProject
Project("{2150E333-8FDC-42A3-9474-1A3956D46DE8}") = "unittests", "unittests", "{7875907F-E28E-460F-9F91-D901F59BAD47}"
EndProject
Project("{9A19103F-16F7-4668-BE54-9A1E7A4F7556}") = "MobileClient.Tests", "unittests\MobileClient.Tests\MobileClient.Tests.csproj", "{1BBBD2FE-7AB7-4170-969A-6E8442048CB6}"
EndProject
Project("{9A19103F-16F7-4668-BE54-9A1E7A4F7556}") = "SQLiteStore.Tests", "unittests\SQLiteStore.Tests\SQLiteStore.Tests.csproj", "{FD4AACE6-ACD3-4624-9E83-7FEE9F1628CF}"
EndProject
Project("{2150E333-8FDC-42A3-9474-1A3956D46DE8}") = "e2etests", "e2etests", "{28A6C364-1E29-4325-A1D5-E8300BE7DD36}"
EndProject
Project("{FAE04EC0-301F-11D3-BF4B-00C04F79EFBC}") = "DeviceTests.Android", "e2etests\DeviceTests.Android\DeviceTests.Android.csproj", "{30151A11-E9F1-4DA6-A58F-D70A3D8D5E3B}"
EndProject
Project("{FAE04EC0-301F-11D3-BF4B-00C04F79EFBC}") = "DeviceTests.iOS", "e2etests\DeviceTests.iOS\DeviceTests.iOS.csproj", "{60444315-1C6C-4C87-AF3D-B5645B109E9D}"
EndProject
Project("{9A19103F-16F7-4668-BE54-9A1E7A4F7556}") = "DeviceTests.Shared", "e2etests\DeviceTests.Shared\DeviceTests.Shared.csproj", "{427BD216-0DBA-43FF-A9E9-495F46BE7A4D}"
EndProject
Global
	GlobalSection(SolutionConfigurationPlatforms) = preSolution
		Debug|Any CPU = Debug|Any CPU
		Debug|ARM = Debug|ARM
		Debug|ARM64 = Debug|ARM64
		Debug|iPhone = Debug|iPhone
		Debug|iPhoneSimulator = Debug|iPhoneSimulator
		Debug|MacBuild = Debug|MacBuild
		Debug|WindowsBuild = Debug|WindowsBuild
		Debug|x64 = Debug|x64
		Debug|x86 = Debug|x86
		Release|Any CPU = Release|Any CPU
		Release|ARM = Release|ARM
		Release|ARM64 = Release|ARM64
		Release|iPhone = Release|iPhone
		Release|iPhoneSimulator = Release|iPhoneSimulator
		Release|MacBuild = Release|MacBuild
		Release|WindowsBuild = Release|WindowsBuild
		Release|x64 = Release|x64
		Release|x86 = Release|x86
	EndGlobalSection
	GlobalSection(ProjectConfigurationPlatforms) = postSolution
		{04FC5444-1240-41D7-9AA8-648B9A465C9D}.Debug|Any CPU.ActiveCfg = Debug|Any CPU
		{04FC5444-1240-41D7-9AA8-648B9A465C9D}.Debug|Any CPU.Build.0 = Debug|Any CPU
		{04FC5444-1240-41D7-9AA8-648B9A465C9D}.Debug|ARM.ActiveCfg = Debug|Any CPU
		{04FC5444-1240-41D7-9AA8-648B9A465C9D}.Debug|ARM.Build.0 = Debug|Any CPU
		{04FC5444-1240-41D7-9AA8-648B9A465C9D}.Debug|ARM64.ActiveCfg = Debug|Any CPU
		{04FC5444-1240-41D7-9AA8-648B9A465C9D}.Debug|ARM64.Build.0 = Debug|Any CPU
		{04FC5444-1240-41D7-9AA8-648B9A465C9D}.Debug|iPhone.ActiveCfg = Debug|Any CPU
		{04FC5444-1240-41D7-9AA8-648B9A465C9D}.Debug|iPhone.Build.0 = Debug|Any CPU
		{04FC5444-1240-41D7-9AA8-648B9A465C9D}.Debug|iPhoneSimulator.ActiveCfg = Debug|Any CPU
		{04FC5444-1240-41D7-9AA8-648B9A465C9D}.Debug|iPhoneSimulator.Build.0 = Debug|Any CPU
		{04FC5444-1240-41D7-9AA8-648B9A465C9D}.Debug|MacBuild.ActiveCfg = Debug|Any CPU
		{04FC5444-1240-41D7-9AA8-648B9A465C9D}.Debug|MacBuild.Build.0 = Debug|Any CPU
		{04FC5444-1240-41D7-9AA8-648B9A465C9D}.Debug|WindowsBuild.ActiveCfg = Debug|Any CPU
		{04FC5444-1240-41D7-9AA8-648B9A465C9D}.Debug|WindowsBuild.Build.0 = Debug|Any CPU
		{04FC5444-1240-41D7-9AA8-648B9A465C9D}.Debug|x64.ActiveCfg = Debug|Any CPU
		{04FC5444-1240-41D7-9AA8-648B9A465C9D}.Debug|x64.Build.0 = Debug|Any CPU
		{04FC5444-1240-41D7-9AA8-648B9A465C9D}.Debug|x86.ActiveCfg = Debug|Any CPU
		{04FC5444-1240-41D7-9AA8-648B9A465C9D}.Debug|x86.Build.0 = Debug|Any CPU
		{04FC5444-1240-41D7-9AA8-648B9A465C9D}.Release|Any CPU.ActiveCfg = Release|Any CPU
		{04FC5444-1240-41D7-9AA8-648B9A465C9D}.Release|Any CPU.Build.0 = Release|Any CPU
		{04FC5444-1240-41D7-9AA8-648B9A465C9D}.Release|ARM.ActiveCfg = Release|Any CPU
		{04FC5444-1240-41D7-9AA8-648B9A465C9D}.Release|ARM.Build.0 = Release|Any CPU
		{04FC5444-1240-41D7-9AA8-648B9A465C9D}.Release|ARM64.ActiveCfg = Release|Any CPU
		{04FC5444-1240-41D7-9AA8-648B9A465C9D}.Release|ARM64.Build.0 = Release|Any CPU
		{04FC5444-1240-41D7-9AA8-648B9A465C9D}.Release|iPhone.ActiveCfg = Release|Any CPU
		{04FC5444-1240-41D7-9AA8-648B9A465C9D}.Release|iPhone.Build.0 = Release|Any CPU
		{04FC5444-1240-41D7-9AA8-648B9A465C9D}.Release|iPhoneSimulator.ActiveCfg = Release|Any CPU
		{04FC5444-1240-41D7-9AA8-648B9A465C9D}.Release|iPhoneSimulator.Build.0 = Release|Any CPU
		{04FC5444-1240-41D7-9AA8-648B9A465C9D}.Release|MacBuild.ActiveCfg = Release|Any CPU
		{04FC5444-1240-41D7-9AA8-648B9A465C9D}.Release|MacBuild.Build.0 = Release|Any CPU
		{04FC5444-1240-41D7-9AA8-648B9A465C9D}.Release|WindowsBuild.ActiveCfg = Release|Any CPU
		{04FC5444-1240-41D7-9AA8-648B9A465C9D}.Release|WindowsBuild.Build.0 = Release|Any CPU
		{04FC5444-1240-41D7-9AA8-648B9A465C9D}.Release|x64.ActiveCfg = Release|Any CPU
		{04FC5444-1240-41D7-9AA8-648B9A465C9D}.Release|x64.Build.0 = Release|Any CPU
		{04FC5444-1240-41D7-9AA8-648B9A465C9D}.Release|x86.ActiveCfg = Release|Any CPU
		{04FC5444-1240-41D7-9AA8-648B9A465C9D}.Release|x86.Build.0 = Release|Any CPU
		{99C2F464-172A-4B49-93B7-9B0E4FED1310}.Debug|Any CPU.ActiveCfg = Debug|Any CPU
		{99C2F464-172A-4B49-93B7-9B0E4FED1310}.Debug|Any CPU.Build.0 = Debug|Any CPU
		{99C2F464-172A-4B49-93B7-9B0E4FED1310}.Debug|ARM.ActiveCfg = Debug|Any CPU
		{99C2F464-172A-4B49-93B7-9B0E4FED1310}.Debug|ARM.Build.0 = Debug|Any CPU
		{99C2F464-172A-4B49-93B7-9B0E4FED1310}.Debug|ARM64.ActiveCfg = Debug|Any CPU
		{99C2F464-172A-4B49-93B7-9B0E4FED1310}.Debug|ARM64.Build.0 = Debug|Any CPU
		{99C2F464-172A-4B49-93B7-9B0E4FED1310}.Debug|iPhone.ActiveCfg = Debug|Any CPU
		{99C2F464-172A-4B49-93B7-9B0E4FED1310}.Debug|iPhone.Build.0 = Debug|Any CPU
		{99C2F464-172A-4B49-93B7-9B0E4FED1310}.Debug|iPhoneSimulator.ActiveCfg = Debug|Any CPU
		{99C2F464-172A-4B49-93B7-9B0E4FED1310}.Debug|iPhoneSimulator.Build.0 = Debug|Any CPU
		{99C2F464-172A-4B49-93B7-9B0E4FED1310}.Debug|MacBuild.ActiveCfg = Debug|Any CPU
		{99C2F464-172A-4B49-93B7-9B0E4FED1310}.Debug|MacBuild.Build.0 = Debug|Any CPU
		{99C2F464-172A-4B49-93B7-9B0E4FED1310}.Debug|WindowsBuild.ActiveCfg = Debug|Any CPU
		{99C2F464-172A-4B49-93B7-9B0E4FED1310}.Debug|WindowsBuild.Build.0 = Debug|Any CPU
		{99C2F464-172A-4B49-93B7-9B0E4FED1310}.Debug|x64.ActiveCfg = Debug|Any CPU
		{99C2F464-172A-4B49-93B7-9B0E4FED1310}.Debug|x64.Build.0 = Debug|Any CPU
		{99C2F464-172A-4B49-93B7-9B0E4FED1310}.Debug|x86.ActiveCfg = Debug|Any CPU
		{99C2F464-172A-4B49-93B7-9B0E4FED1310}.Debug|x86.Build.0 = Debug|Any CPU
		{99C2F464-172A-4B49-93B7-9B0E4FED1310}.Release|Any CPU.ActiveCfg = Release|Any CPU
		{99C2F464-172A-4B49-93B7-9B0E4FED1310}.Release|Any CPU.Build.0 = Release|Any CPU
		{99C2F464-172A-4B49-93B7-9B0E4FED1310}.Release|ARM.ActiveCfg = Release|Any CPU
		{99C2F464-172A-4B49-93B7-9B0E4FED1310}.Release|ARM.Build.0 = Release|Any CPU
		{99C2F464-172A-4B49-93B7-9B0E4FED1310}.Release|ARM64.ActiveCfg = Release|Any CPU
		{99C2F464-172A-4B49-93B7-9B0E4FED1310}.Release|ARM64.Build.0 = Release|Any CPU
		{99C2F464-172A-4B49-93B7-9B0E4FED1310}.Release|iPhone.ActiveCfg = Release|Any CPU
		{99C2F464-172A-4B49-93B7-9B0E4FED1310}.Release|iPhone.Build.0 = Release|Any CPU
		{99C2F464-172A-4B49-93B7-9B0E4FED1310}.Release|iPhoneSimulator.ActiveCfg = Release|Any CPU
		{99C2F464-172A-4B49-93B7-9B0E4FED1310}.Release|iPhoneSimulator.Build.0 = Release|Any CPU
		{99C2F464-172A-4B49-93B7-9B0E4FED1310}.Release|MacBuild.ActiveCfg = Release|Any CPU
		{99C2F464-172A-4B49-93B7-9B0E4FED1310}.Release|MacBuild.Build.0 = Release|Any CPU
		{99C2F464-172A-4B49-93B7-9B0E4FED1310}.Release|WindowsBuild.ActiveCfg = Release|Any CPU
		{99C2F464-172A-4B49-93B7-9B0E4FED1310}.Release|WindowsBuild.Build.0 = Release|Any CPU
		{99C2F464-172A-4B49-93B7-9B0E4FED1310}.Release|x64.ActiveCfg = Release|Any CPU
		{99C2F464-172A-4B49-93B7-9B0E4FED1310}.Release|x64.Build.0 = Release|Any CPU
		{99C2F464-172A-4B49-93B7-9B0E4FED1310}.Release|x86.ActiveCfg = Release|Any CPU
		{99C2F464-172A-4B49-93B7-9B0E4FED1310}.Release|x86.Build.0 = Release|Any CPU
		{1BBBD2FE-7AB7-4170-969A-6E8442048CB6}.Debug|Any CPU.ActiveCfg = Debug|Any CPU
		{1BBBD2FE-7AB7-4170-969A-6E8442048CB6}.Debug|Any CPU.Build.0 = Debug|Any CPU
		{1BBBD2FE-7AB7-4170-969A-6E8442048CB6}.Debug|ARM.ActiveCfg = Debug|Any CPU
		{1BBBD2FE-7AB7-4170-969A-6E8442048CB6}.Debug|ARM.Build.0 = Debug|Any CPU
		{1BBBD2FE-7AB7-4170-969A-6E8442048CB6}.Debug|ARM64.ActiveCfg = Debug|Any CPU
		{1BBBD2FE-7AB7-4170-969A-6E8442048CB6}.Debug|ARM64.Build.0 = Debug|Any CPU
		{1BBBD2FE-7AB7-4170-969A-6E8442048CB6}.Debug|iPhone.ActiveCfg = Debug|Any CPU
		{1BBBD2FE-7AB7-4170-969A-6E8442048CB6}.Debug|iPhone.Build.0 = Debug|Any CPU
		{1BBBD2FE-7AB7-4170-969A-6E8442048CB6}.Debug|iPhoneSimulator.ActiveCfg = Debug|Any CPU
		{1BBBD2FE-7AB7-4170-969A-6E8442048CB6}.Debug|iPhoneSimulator.Build.0 = Debug|Any CPU
		{1BBBD2FE-7AB7-4170-969A-6E8442048CB6}.Debug|MacBuild.ActiveCfg = Debug|Any CPU
		{1BBBD2FE-7AB7-4170-969A-6E8442048CB6}.Debug|MacBuild.Build.0 = Debug|Any CPU
		{1BBBD2FE-7AB7-4170-969A-6E8442048CB6}.Debug|WindowsBuild.ActiveCfg = Debug|Any CPU
		{1BBBD2FE-7AB7-4170-969A-6E8442048CB6}.Debug|WindowsBuild.Build.0 = Debug|Any CPU
		{1BBBD2FE-7AB7-4170-969A-6E8442048CB6}.Debug|x64.ActiveCfg = Debug|Any CPU
		{1BBBD2FE-7AB7-4170-969A-6E8442048CB6}.Debug|x64.Build.0 = Debug|Any CPU
		{1BBBD2FE-7AB7-4170-969A-6E8442048CB6}.Debug|x86.ActiveCfg = Debug|Any CPU
		{1BBBD2FE-7AB7-4170-969A-6E8442048CB6}.Debug|x86.Build.0 = Debug|Any CPU
		{1BBBD2FE-7AB7-4170-969A-6E8442048CB6}.Release|Any CPU.ActiveCfg = Release|Any CPU
		{1BBBD2FE-7AB7-4170-969A-6E8442048CB6}.Release|Any CPU.Build.0 = Release|Any CPU
		{1BBBD2FE-7AB7-4170-969A-6E8442048CB6}.Release|ARM.ActiveCfg = Release|Any CPU
		{1BBBD2FE-7AB7-4170-969A-6E8442048CB6}.Release|ARM.Build.0 = Release|Any CPU
		{1BBBD2FE-7AB7-4170-969A-6E8442048CB6}.Release|ARM64.ActiveCfg = Release|Any CPU
		{1BBBD2FE-7AB7-4170-969A-6E8442048CB6}.Release|ARM64.Build.0 = Release|Any CPU
		{1BBBD2FE-7AB7-4170-969A-6E8442048CB6}.Release|iPhone.ActiveCfg = Release|Any CPU
		{1BBBD2FE-7AB7-4170-969A-6E8442048CB6}.Release|iPhone.Build.0 = Release|Any CPU
		{1BBBD2FE-7AB7-4170-969A-6E8442048CB6}.Release|iPhoneSimulator.ActiveCfg = Release|Any CPU
		{1BBBD2FE-7AB7-4170-969A-6E8442048CB6}.Release|iPhoneSimulator.Build.0 = Release|Any CPU
		{1BBBD2FE-7AB7-4170-969A-6E8442048CB6}.Release|MacBuild.ActiveCfg = Release|Any CPU
		{1BBBD2FE-7AB7-4170-969A-6E8442048CB6}.Release|MacBuild.Build.0 = Release|Any CPU
		{1BBBD2FE-7AB7-4170-969A-6E8442048CB6}.Release|WindowsBuild.ActiveCfg = Release|Any CPU
		{1BBBD2FE-7AB7-4170-969A-6E8442048CB6}.Release|WindowsBuild.Build.0 = Release|Any CPU
		{1BBBD2FE-7AB7-4170-969A-6E8442048CB6}.Release|x64.ActiveCfg = Release|Any CPU
		{1BBBD2FE-7AB7-4170-969A-6E8442048CB6}.Release|x64.Build.0 = Release|Any CPU
		{1BBBD2FE-7AB7-4170-969A-6E8442048CB6}.Release|x86.ActiveCfg = Release|Any CPU
		{1BBBD2FE-7AB7-4170-969A-6E8442048CB6}.Release|x86.Build.0 = Release|Any CPU
		{FD4AACE6-ACD3-4624-9E83-7FEE9F1628CF}.Debug|Any CPU.ActiveCfg = Debug|Any CPU
		{FD4AACE6-ACD3-4624-9E83-7FEE9F1628CF}.Debug|Any CPU.Build.0 = Debug|Any CPU
		{FD4AACE6-ACD3-4624-9E83-7FEE9F1628CF}.Debug|ARM.ActiveCfg = Debug|Any CPU
		{FD4AACE6-ACD3-4624-9E83-7FEE9F1628CF}.Debug|ARM.Build.0 = Debug|Any CPU
		{FD4AACE6-ACD3-4624-9E83-7FEE9F1628CF}.Debug|ARM64.ActiveCfg = Debug|Any CPU
		{FD4AACE6-ACD3-4624-9E83-7FEE9F1628CF}.Debug|ARM64.Build.0 = Debug|Any CPU
		{FD4AACE6-ACD3-4624-9E83-7FEE9F1628CF}.Debug|iPhone.ActiveCfg = Debug|Any CPU
		{FD4AACE6-ACD3-4624-9E83-7FEE9F1628CF}.Debug|iPhone.Build.0 = Debug|Any CPU
		{FD4AACE6-ACD3-4624-9E83-7FEE9F1628CF}.Debug|iPhoneSimulator.ActiveCfg = Debug|Any CPU
		{FD4AACE6-ACD3-4624-9E83-7FEE9F1628CF}.Debug|iPhoneSimulator.Build.0 = Debug|Any CPU
		{FD4AACE6-ACD3-4624-9E83-7FEE9F1628CF}.Debug|MacBuild.ActiveCfg = Debug|Any CPU
		{FD4AACE6-ACD3-4624-9E83-7FEE9F1628CF}.Debug|MacBuild.Build.0 = Debug|Any CPU
		{FD4AACE6-ACD3-4624-9E83-7FEE9F1628CF}.Debug|WindowsBuild.ActiveCfg = Debug|Any CPU
		{FD4AACE6-ACD3-4624-9E83-7FEE9F1628CF}.Debug|WindowsBuild.Build.0 = Debug|Any CPU
		{FD4AACE6-ACD3-4624-9E83-7FEE9F1628CF}.Debug|x64.ActiveCfg = Debug|Any CPU
		{FD4AACE6-ACD3-4624-9E83-7FEE9F1628CF}.Debug|x64.Build.0 = Debug|Any CPU
		{FD4AACE6-ACD3-4624-9E83-7FEE9F1628CF}.Debug|x86.ActiveCfg = Debug|Any CPU
		{FD4AACE6-ACD3-4624-9E83-7FEE9F1628CF}.Debug|x86.Build.0 = Debug|Any CPU
		{FD4AACE6-ACD3-4624-9E83-7FEE9F1628CF}.Release|Any CPU.ActiveCfg = Release|Any CPU
		{FD4AACE6-ACD3-4624-9E83-7FEE9F1628CF}.Release|Any CPU.Build.0 = Release|Any CPU
		{FD4AACE6-ACD3-4624-9E83-7FEE9F1628CF}.Release|ARM.ActiveCfg = Release|Any CPU
		{FD4AACE6-ACD3-4624-9E83-7FEE9F1628CF}.Release|ARM.Build.0 = Release|Any CPU
		{FD4AACE6-ACD3-4624-9E83-7FEE9F1628CF}.Release|ARM64.ActiveCfg = Release|Any CPU
		{FD4AACE6-ACD3-4624-9E83-7FEE9F1628CF}.Release|ARM64.Build.0 = Release|Any CPU
		{FD4AACE6-ACD3-4624-9E83-7FEE9F1628CF}.Release|iPhone.ActiveCfg = Release|Any CPU
		{FD4AACE6-ACD3-4624-9E83-7FEE9F1628CF}.Release|iPhone.Build.0 = Release|Any CPU
		{FD4AACE6-ACD3-4624-9E83-7FEE9F1628CF}.Release|iPhoneSimulator.ActiveCfg = Release|Any CPU
		{FD4AACE6-ACD3-4624-9E83-7FEE9F1628CF}.Release|iPhoneSimulator.Build.0 = Release|Any CPU
		{FD4AACE6-ACD3-4624-9E83-7FEE9F1628CF}.Release|MacBuild.ActiveCfg = Release|Any CPU
		{FD4AACE6-ACD3-4624-9E83-7FEE9F1628CF}.Release|MacBuild.Build.0 = Release|Any CPU
		{FD4AACE6-ACD3-4624-9E83-7FEE9F1628CF}.Release|WindowsBuild.ActiveCfg = Release|Any CPU
		{FD4AACE6-ACD3-4624-9E83-7FEE9F1628CF}.Release|WindowsBuild.Build.0 = Release|Any CPU
		{FD4AACE6-ACD3-4624-9E83-7FEE9F1628CF}.Release|x64.ActiveCfg = Release|Any CPU
		{FD4AACE6-ACD3-4624-9E83-7FEE9F1628CF}.Release|x64.Build.0 = Release|Any CPU
		{FD4AACE6-ACD3-4624-9E83-7FEE9F1628CF}.Release|x86.ActiveCfg = Release|Any CPU
		{FD4AACE6-ACD3-4624-9E83-7FEE9F1628CF}.Release|x86.Build.0 = Release|Any CPU
		{30151A11-E9F1-4DA6-A58F-D70A3D8D5E3B}.Debug|Any CPU.ActiveCfg = Debug|Any CPU
		{30151A11-E9F1-4DA6-A58F-D70A3D8D5E3B}.Debug|Any CPU.Build.0 = Debug|Any CPU
		{30151A11-E9F1-4DA6-A58F-D70A3D8D5E3B}.Debug|Any CPU.Deploy.0 = Debug|Any CPU
		{30151A11-E9F1-4DA6-A58F-D70A3D8D5E3B}.Debug|ARM.ActiveCfg = Debug|Any CPU
		{30151A11-E9F1-4DA6-A58F-D70A3D8D5E3B}.Debug|ARM.Build.0 = Debug|Any CPU
		{30151A11-E9F1-4DA6-A58F-D70A3D8D5E3B}.Debug|ARM.Deploy.0 = Debug|Any CPU
		{30151A11-E9F1-4DA6-A58F-D70A3D8D5E3B}.Debug|ARM64.ActiveCfg = Debug|Any CPU
		{30151A11-E9F1-4DA6-A58F-D70A3D8D5E3B}.Debug|ARM64.Build.0 = Debug|Any CPU
		{30151A11-E9F1-4DA6-A58F-D70A3D8D5E3B}.Debug|ARM64.Deploy.0 = Debug|Any CPU
		{30151A11-E9F1-4DA6-A58F-D70A3D8D5E3B}.Debug|iPhone.ActiveCfg = Debug|Any CPU
		{30151A11-E9F1-4DA6-A58F-D70A3D8D5E3B}.Debug|iPhone.Build.0 = Debug|Any CPU
		{30151A11-E9F1-4DA6-A58F-D70A3D8D5E3B}.Debug|iPhone.Deploy.0 = Debug|Any CPU
		{30151A11-E9F1-4DA6-A58F-D70A3D8D5E3B}.Debug|iPhoneSimulator.ActiveCfg = Debug|Any CPU
		{30151A11-E9F1-4DA6-A58F-D70A3D8D5E3B}.Debug|iPhoneSimulator.Build.0 = Debug|Any CPU
		{30151A11-E9F1-4DA6-A58F-D70A3D8D5E3B}.Debug|iPhoneSimulator.Deploy.0 = Debug|Any CPU
		{30151A11-E9F1-4DA6-A58F-D70A3D8D5E3B}.Debug|MacBuild.ActiveCfg = Debug|Any CPU
		{30151A11-E9F1-4DA6-A58F-D70A3D8D5E3B}.Debug|MacBuild.Build.0 = Debug|Any CPU
		{30151A11-E9F1-4DA6-A58F-D70A3D8D5E3B}.Debug|MacBuild.Deploy.0 = Debug|Any CPU
		{30151A11-E9F1-4DA6-A58F-D70A3D8D5E3B}.Debug|WindowsBuild.ActiveCfg = Debug|Any CPU
		{30151A11-E9F1-4DA6-A58F-D70A3D8D5E3B}.Debug|WindowsBuild.Build.0 = Debug|Any CPU
		{30151A11-E9F1-4DA6-A58F-D70A3D8D5E3B}.Debug|WindowsBuild.Deploy.0 = Debug|Any CPU
		{30151A11-E9F1-4DA6-A58F-D70A3D8D5E3B}.Debug|x64.ActiveCfg = Debug|Any CPU
		{30151A11-E9F1-4DA6-A58F-D70A3D8D5E3B}.Debug|x64.Build.0 = Debug|Any CPU
		{30151A11-E9F1-4DA6-A58F-D70A3D8D5E3B}.Debug|x64.Deploy.0 = Debug|Any CPU
		{30151A11-E9F1-4DA6-A58F-D70A3D8D5E3B}.Debug|x86.ActiveCfg = Debug|Any CPU
		{30151A11-E9F1-4DA6-A58F-D70A3D8D5E3B}.Debug|x86.Build.0 = Debug|Any CPU
		{30151A11-E9F1-4DA6-A58F-D70A3D8D5E3B}.Debug|x86.Deploy.0 = Debug|Any CPU
		{30151A11-E9F1-4DA6-A58F-D70A3D8D5E3B}.Release|Any CPU.ActiveCfg = Release|Any CPU
		{30151A11-E9F1-4DA6-A58F-D70A3D8D5E3B}.Release|Any CPU.Build.0 = Release|Any CPU
		{30151A11-E9F1-4DA6-A58F-D70A3D8D5E3B}.Release|Any CPU.Deploy.0 = Release|Any CPU
		{30151A11-E9F1-4DA6-A58F-D70A3D8D5E3B}.Release|ARM.ActiveCfg = Release|Any CPU
		{30151A11-E9F1-4DA6-A58F-D70A3D8D5E3B}.Release|ARM.Build.0 = Release|Any CPU
		{30151A11-E9F1-4DA6-A58F-D70A3D8D5E3B}.Release|ARM.Deploy.0 = Release|Any CPU
		{30151A11-E9F1-4DA6-A58F-D70A3D8D5E3B}.Release|ARM64.ActiveCfg = Release|Any CPU
		{30151A11-E9F1-4DA6-A58F-D70A3D8D5E3B}.Release|ARM64.Build.0 = Release|Any CPU
		{30151A11-E9F1-4DA6-A58F-D70A3D8D5E3B}.Release|ARM64.Deploy.0 = Release|Any CPU
		{30151A11-E9F1-4DA6-A58F-D70A3D8D5E3B}.Release|iPhone.ActiveCfg = Release|Any CPU
		{30151A11-E9F1-4DA6-A58F-D70A3D8D5E3B}.Release|iPhone.Build.0 = Release|Any CPU
		{30151A11-E9F1-4DA6-A58F-D70A3D8D5E3B}.Release|iPhone.Deploy.0 = Release|Any CPU
		{30151A11-E9F1-4DA6-A58F-D70A3D8D5E3B}.Release|iPhoneSimulator.ActiveCfg = Release|Any CPU
		{30151A11-E9F1-4DA6-A58F-D70A3D8D5E3B}.Release|iPhoneSimulator.Build.0 = Release|Any CPU
		{30151A11-E9F1-4DA6-A58F-D70A3D8D5E3B}.Release|iPhoneSimulator.Deploy.0 = Release|Any CPU
		{30151A11-E9F1-4DA6-A58F-D70A3D8D5E3B}.Release|MacBuild.ActiveCfg = Release|Any CPU
		{30151A11-E9F1-4DA6-A58F-D70A3D8D5E3B}.Release|MacBuild.Build.0 = Release|Any CPU
		{30151A11-E9F1-4DA6-A58F-D70A3D8D5E3B}.Release|MacBuild.Deploy.0 = Release|Any CPU
		{30151A11-E9F1-4DA6-A58F-D70A3D8D5E3B}.Release|WindowsBuild.ActiveCfg = Release|Any CPU
		{30151A11-E9F1-4DA6-A58F-D70A3D8D5E3B}.Release|WindowsBuild.Build.0 = Release|Any CPU
		{30151A11-E9F1-4DA6-A58F-D70A3D8D5E3B}.Release|WindowsBuild.Deploy.0 = Release|Any CPU
		{30151A11-E9F1-4DA6-A58F-D70A3D8D5E3B}.Release|x64.ActiveCfg = Release|Any CPU
		{30151A11-E9F1-4DA6-A58F-D70A3D8D5E3B}.Release|x64.Build.0 = Release|Any CPU
		{30151A11-E9F1-4DA6-A58F-D70A3D8D5E3B}.Release|x64.Deploy.0 = Release|Any CPU
		{30151A11-E9F1-4DA6-A58F-D70A3D8D5E3B}.Release|x86.ActiveCfg = Release|Any CPU
		{30151A11-E9F1-4DA6-A58F-D70A3D8D5E3B}.Release|x86.Build.0 = Release|Any CPU
		{30151A11-E9F1-4DA6-A58F-D70A3D8D5E3B}.Release|x86.Deploy.0 = Release|Any CPU
		{60444315-1C6C-4C87-AF3D-B5645B109E9D}.Debug|Any CPU.ActiveCfg = Debug|iPhoneSimulator
		{60444315-1C6C-4C87-AF3D-B5645B109E9D}.Debug|ARM.ActiveCfg = Debug|iPhoneSimulator
		{60444315-1C6C-4C87-AF3D-B5645B109E9D}.Debug|ARM64.ActiveCfg = Debug|iPhoneSimulator
		{60444315-1C6C-4C87-AF3D-B5645B109E9D}.Debug|iPhone.ActiveCfg = Debug|iPhone
		{60444315-1C6C-4C87-AF3D-B5645B109E9D}.Debug|iPhone.Build.0 = Debug|iPhone
		{60444315-1C6C-4C87-AF3D-B5645B109E9D}.Debug|iPhone.Deploy.0 = Debug|iPhone
		{60444315-1C6C-4C87-AF3D-B5645B109E9D}.Debug|iPhoneSimulator.ActiveCfg = Debug|iPhoneSimulator
		{60444315-1C6C-4C87-AF3D-B5645B109E9D}.Debug|iPhoneSimulator.Build.0 = Debug|iPhoneSimulator
		{60444315-1C6C-4C87-AF3D-B5645B109E9D}.Debug|MacBuild.ActiveCfg = Debug|iPhoneSimulator
		{60444315-1C6C-4C87-AF3D-B5645B109E9D}.Debug|MacBuild.Build.0 = Debug|iPhoneSimulator
		{60444315-1C6C-4C87-AF3D-B5645B109E9D}.Debug|WindowsBuild.ActiveCfg = Debug|iPhoneSimulator
		{60444315-1C6C-4C87-AF3D-B5645B109E9D}.Debug|WindowsBuild.Build.0 = Debug|iPhoneSimulator
		{60444315-1C6C-4C87-AF3D-B5645B109E9D}.Debug|x64.ActiveCfg = Debug|iPhoneSimulator
		{60444315-1C6C-4C87-AF3D-B5645B109E9D}.Debug|x86.ActiveCfg = Debug|iPhoneSimulator
		{60444315-1C6C-4C87-AF3D-B5645B109E9D}.Release|Any CPU.ActiveCfg = Release|iPhoneSimulator
		{60444315-1C6C-4C87-AF3D-B5645B109E9D}.Release|ARM.ActiveCfg = Release|iPhoneSimulator
		{60444315-1C6C-4C87-AF3D-B5645B109E9D}.Release|ARM64.ActiveCfg = Release|iPhoneSimulator
		{60444315-1C6C-4C87-AF3D-B5645B109E9D}.Release|iPhone.ActiveCfg = Release|iPhone
		{60444315-1C6C-4C87-AF3D-B5645B109E9D}.Release|iPhone.Build.0 = Release|iPhone
		{60444315-1C6C-4C87-AF3D-B5645B109E9D}.Release|iPhone.Deploy.0 = Release|iPhone
		{60444315-1C6C-4C87-AF3D-B5645B109E9D}.Release|iPhoneSimulator.ActiveCfg = Release|iPhoneSimulator
		{60444315-1C6C-4C87-AF3D-B5645B109E9D}.Release|iPhoneSimulator.Build.0 = Release|iPhoneSimulator
		{60444315-1C6C-4C87-AF3D-B5645B109E9D}.Release|MacBuild.ActiveCfg = Release|iPhoneSimulator
		{60444315-1C6C-4C87-AF3D-B5645B109E9D}.Release|WindowsBuild.ActiveCfg = Release|iPhoneSimulator
		{60444315-1C6C-4C87-AF3D-B5645B109E9D}.Release|x64.ActiveCfg = Release|iPhoneSimulator
		{60444315-1C6C-4C87-AF3D-B5645B109E9D}.Release|x86.ActiveCfg = Release|iPhoneSimulator
		{427BD216-0DBA-43FF-A9E9-495F46BE7A4D}.Debug|Any CPU.ActiveCfg = Debug|Any CPU
		{427BD216-0DBA-43FF-A9E9-495F46BE7A4D}.Debug|Any CPU.Build.0 = Debug|Any CPU
		{427BD216-0DBA-43FF-A9E9-495F46BE7A4D}.Debug|ARM.ActiveCfg = Debug|Any CPU
		{427BD216-0DBA-43FF-A9E9-495F46BE7A4D}.Debug|ARM.Build.0 = Debug|Any CPU
		{427BD216-0DBA-43FF-A9E9-495F46BE7A4D}.Debug|ARM64.ActiveCfg = Debug|Any CPU
		{427BD216-0DBA-43FF-A9E9-495F46BE7A4D}.Debug|ARM64.Build.0 = Debug|Any CPU
		{427BD216-0DBA-43FF-A9E9-495F46BE7A4D}.Debug|iPhone.ActiveCfg = Debug|Any CPU
		{427BD216-0DBA-43FF-A9E9-495F46BE7A4D}.Debug|iPhone.Build.0 = Debug|Any CPU
		{427BD216-0DBA-43FF-A9E9-495F46BE7A4D}.Debug|iPhoneSimulator.ActiveCfg = Debug|Any CPU
		{427BD216-0DBA-43FF-A9E9-495F46BE7A4D}.Debug|iPhoneSimulator.Build.0 = Debug|Any CPU
		{427BD216-0DBA-43FF-A9E9-495F46BE7A4D}.Debug|MacBuild.ActiveCfg = Debug|Any CPU
		{427BD216-0DBA-43FF-A9E9-495F46BE7A4D}.Debug|MacBuild.Build.0 = Debug|Any CPU
		{427BD216-0DBA-43FF-A9E9-495F46BE7A4D}.Debug|WindowsBuild.ActiveCfg = Debug|Any CPU
		{427BD216-0DBA-43FF-A9E9-495F46BE7A4D}.Debug|WindowsBuild.Build.0 = Debug|Any CPU
		{427BD216-0DBA-43FF-A9E9-495F46BE7A4D}.Debug|x64.ActiveCfg = Debug|Any CPU
		{427BD216-0DBA-43FF-A9E9-495F46BE7A4D}.Debug|x64.Build.0 = Debug|Any CPU
		{427BD216-0DBA-43FF-A9E9-495F46BE7A4D}.Debug|x86.ActiveCfg = Debug|Any CPU
		{427BD216-0DBA-43FF-A9E9-495F46BE7A4D}.Debug|x86.Build.0 = Debug|Any CPU
		{427BD216-0DBA-43FF-A9E9-495F46BE7A4D}.Release|Any CPU.ActiveCfg = Release|Any CPU
		{427BD216-0DBA-43FF-A9E9-495F46BE7A4D}.Release|Any CPU.Build.0 = Release|Any CPU
		{427BD216-0DBA-43FF-A9E9-495F46BE7A4D}.Release|ARM.ActiveCfg = Release|Any CPU
		{427BD216-0DBA-43FF-A9E9-495F46BE7A4D}.Release|ARM.Build.0 = Release|Any CPU
		{427BD216-0DBA-43FF-A9E9-495F46BE7A4D}.Release|ARM64.ActiveCfg = Release|Any CPU
		{427BD216-0DBA-43FF-A9E9-495F46BE7A4D}.Release|ARM64.Build.0 = Release|Any CPU
		{427BD216-0DBA-43FF-A9E9-495F46BE7A4D}.Release|iPhone.ActiveCfg = Release|Any CPU
		{427BD216-0DBA-43FF-A9E9-495F46BE7A4D}.Release|iPhone.Build.0 = Release|Any CPU
		{427BD216-0DBA-43FF-A9E9-495F46BE7A4D}.Release|iPhoneSimulator.ActiveCfg = Release|Any CPU
		{427BD216-0DBA-43FF-A9E9-495F46BE7A4D}.Release|iPhoneSimulator.Build.0 = Release|Any CPU
		{427BD216-0DBA-43FF-A9E9-495F46BE7A4D}.Release|MacBuild.ActiveCfg = Release|Any CPU
		{427BD216-0DBA-43FF-A9E9-495F46BE7A4D}.Release|MacBuild.Build.0 = Release|Any CPU
		{427BD216-0DBA-43FF-A9E9-495F46BE7A4D}.Release|WindowsBuild.ActiveCfg = Release|Any CPU
		{427BD216-0DBA-43FF-A9E9-495F46BE7A4D}.Release|WindowsBuild.Build.0 = Release|Any CPU
		{427BD216-0DBA-43FF-A9E9-495F46BE7A4D}.Release|x64.ActiveCfg = Release|Any CPU
		{427BD216-0DBA-43FF-A9E9-495F46BE7A4D}.Release|x64.Build.0 = Release|Any CPU
		{427BD216-0DBA-43FF-A9E9-495F46BE7A4D}.Release|x86.ActiveCfg = Release|Any CPU
		{427BD216-0DBA-43FF-A9E9-495F46BE7A4D}.Release|x86.Build.0 = Release|Any CPU
	EndGlobalSection
	GlobalSection(SolutionProperties) = preSolution
		HideSolutionNode = FALSE
	EndGlobalSection
	GlobalSection(NestedProjects) = preSolution
		{04FC5444-1240-41D7-9AA8-648B9A465C9D} = {28D05719-6DC4-4962-BC7E-75F9C72E695C}
		{99C2F464-172A-4B49-93B7-9B0E4FED1310} = {28D05719-6DC4-4962-BC7E-75F9C72E695C}
		{1BBBD2FE-7AB7-4170-969A-6E8442048CB6} = {7875907F-E28E-460F-9F91-D901F59BAD47}
		{FD4AACE6-ACD3-4624-9E83-7FEE9F1628CF} = {7875907F-E28E-460F-9F91-D901F59BAD47}
		{30151A11-E9F1-4DA6-A58F-D70A3D8D5E3B} = {28A6C364-1E29-4325-A1D5-E8300BE7DD36}
		{60444315-1C6C-4C87-AF3D-B5645B109E9D} = {28A6C364-1E29-4325-A1D5-E8300BE7DD36}
		{427BD216-0DBA-43FF-A9E9-495F46BE7A4D} = {28A6C364-1E29-4325-A1D5-E8300BE7DD36}
	EndGlobalSection
	GlobalSection(ExtensibilityGlobals) = postSolution
		SolutionGuid = {D27F12BE-5730-40CF-A86F-FF58BF4DD667}
	EndGlobalSection
EndGlobal
