
Microsoft Visual Studio Solution File, Format Version 12.00
# Visual Studio Version 16
VisualStudioVersion = 16.0.808.8
MinimumVisualStudioVersion = 10.0.40219.1
Project("{FAE04EC0-301F-11D3-BF4B-00C04F79EFBC}") = "ZumoQuickstart", "ZumoQuickstart\ZumoQuickstart.csproj", "{84956A08-A653-4FCF-B505-8526C8975172}"
EndProject
Global
	GlobalSection(SolutionConfigurationPlatforms) = preSolution
		Debug|iPhoneSimulator = Debug|iPhoneSimulator
		Release|iPhoneSimulator = Release|iPhoneSimulator
		Debug|iPhone = Debug|iPhone
		Release|iPhone = Release|iPhone
	EndGlobalSection
	GlobalSection(ProjectConfigurationPlatforms) = postSolution
		{84956A08-A653-4FCF-B505-8526C8975172}.Debug|iPhoneSimulator.ActiveCfg = Debug|iPhoneSimulator
		{84956A08-A653-4FCF-B505-8526C8975172}.Debug|iPhoneSimulator.Build.0 = Debug|iPhoneSimulator
		{84956A08-A653-4FCF-B505-8526C8975172}.Release|iPhoneSimulator.ActiveCfg = Release|iPhoneSimulator
		{84956A08-A653-4FCF-B505-8526C8975172}.Release|iPhoneSimulator.Build.0 = Release|iPhoneSimulator
		{84956A08-A653-4FCF-B505-8526C8975172}.Debug|iPhone.ActiveCfg = Debug|iPhone
		{84956A08-A653-4FCF-B505-8526C8975172}.Debug|iPhone.Build.0 = Debug|iPhone
		{84956A08-A653-4FCF-B505-8526C8975172}.Release|iPhone.ActiveCfg = Release|iPhone
		{84956A08-A653-4FCF-B505-8526C8975172}.Release|iPhone.Build.0 = Release|iPhone
	EndGlobalSection
	GlobalSection(SolutionProperties) = preSolution
		HideSolutionNode = FALSE
	EndGlobalSection
	GlobalSection(ExtensibilityGlobals) = postSolution
		SolutionGuid = {B4288E0D-5733-49B6-9D42-DEF883D78C58}
	EndGlobalSection
EndGlobal
