
Microsoft Visual Studio Solution File, Format Version 12.00
# Visual Studio Version 16
VisualStudioVersion = 16.0.31005.135
MinimumVisualStudioVersion = 10.0.40219.1
Project("{FAE04EC0-301F-11D3-BF4B-00C04F79EFBC}") = "ZumoQuickstart", "ZumoQuickstart.csproj", "{6C4EE93D-FAC2-4D30-83B6-F5BDA4023D17}"
EndProject
Global
	GlobalSection(SolutionConfigurationPlatforms) = preSolution
		Debug|iPhone = Debug|iPhone
		Debug|iPhoneSimulator = Debug|iPhoneSimulator
		Release|iPhone = Release|iPhone
		Release|iPhoneSimulator = Release|iPhoneSimulator
	EndGlobalSection
	GlobalSection(ProjectConfigurationPlatforms) = postSolution
		{6C4EE93D-FAC2-4D30-83B6-F5BDA4023D17}.Debug|iPhone.ActiveCfg = Debug|iPhone
		{6C4EE93D-FAC2-4D30-83B6-F5BDA4023D17}.Debug|iPhone.Build.0 = Debug|iPhone
		{6C4EE93D-FAC2-4D30-83B6-F5BDA4023D17}.Debug|iPhone.Deploy.0 = Debug|iPhone
		{6C4EE93D-FAC2-4D30-83B6-F5BDA4023D17}.Debug|iPhoneSimulator.ActiveCfg = Debug|iPhoneSimulator
		{6C4EE93D-FAC2-4D30-83B6-F5BDA4023D17}.Debug|iPhoneSimulator.Build.0 = Debug|iPhoneSimulator
		{6C4EE93D-FAC2-4D30-83B6-F5BDA4023D17}.Debug|iPhoneSimulator.Deploy.0 = Debug|iPhoneSimulator
		{6C4EE93D-FAC2-4D30-83B6-F5BDA4023D17}.Release|iPhone.ActiveCfg = Release|iPhone
		{6C4EE93D-FAC2-4D30-83B6-F5BDA4023D17}.Release|iPhone.Build.0 = Release|iPhone
		{6C4EE93D-FAC2-4D30-83B6-F5BDA4023D17}.Release|iPhone.Deploy.0 = Release|iPhone
		{6C4EE93D-FAC2-4D30-83B6-F5BDA4023D17}.Release|iPhoneSimulator.ActiveCfg = Release|iPhoneSimulator
		{6C4EE93D-FAC2-4D30-83B6-F5BDA4023D17}.Release|iPhoneSimulator.Build.0 = Release|iPhoneSimulator
		{6C4EE93D-FAC2-4D30-83B6-F5BDA4023D17}.Release|iPhoneSimulator.Deploy.0 = Release|iPhoneSimulator
	EndGlobalSection
	GlobalSection(SolutionProperties) = preSolution
		HideSolutionNode = FALSE
	EndGlobalSection
	GlobalSection(ExtensibilityGlobals) = postSolution
		SolutionGuid = {1F59F763-9E78-4B87-87EE-D1EBA154F8C5}
	EndGlobalSection
EndGlobal
