
Microsoft Visual Studio Solution File, Format Version 12.00
# Visual Studio Version 17
VisualStudioVersion = 17.0.31903.59
MinimumVisualStudioVersion = 10.0.40219.1
Project("{FAE04EC0-301F-11D3-BF4B-00C04F79EFBC}") = "TodoMauiApp", "TodoMauiApp\TodoMauiApp.csproj", "{FCE08C58-81F5-4DA3-A016-3912957CB388}"
EndProject
Project("{9A19103F-16F7-4668-BE54-9A1E7A4F7556}") = "Microsoft.Datasync.Client", "..\..\sdk\dotnet\src\Microsoft.Datasync.Client\Microsoft.Datasync.Client.csproj", "{1ACB7F8A-A19B-4DD8-8F40-7380F725B32E}"
EndProject
Project("{9A19103F-16F7-4668-BE54-9A1E7A4F7556}") = "Microsoft.Datasync.Client.SQLiteStore", "..\..\sdk\dotnet\src\Microsoft.Datasync.Client.SQLiteStore\Microsoft.Datasync.Client.SQLiteStore.csproj", "{46EE271D-6B4C-44C9-853C-D7BB9B7BFCF2}"
EndProject
Project("{9A19103F-16F7-4668-BE54-9A1E7A4F7556}") = "TodoAppService.NET6", "..\TodoApp\TodoAppService.NET6\TodoAppService.NET6.csproj", "{E2D7E7BC-9467-48BF-A84B-C86C7DB3EB08}"
EndProject
Global
	GlobalSection(SolutionConfigurationPlatforms) = preSolution
		Debug|Any CPU = Debug|Any CPU
		Release|Any CPU = Release|Any CPU
	EndGlobalSection
	GlobalSection(ProjectConfigurationPlatforms) = postSolution
		{FCE08C58-81F5-4DA3-A016-3912957CB388}.Debug|Any CPU.ActiveCfg = Debug|Any CPU
		{FCE08C58-81F5-4DA3-A016-3912957CB388}.Debug|Any CPU.Build.0 = Debug|Any CPU
		{FCE08C58-81F5-4DA3-A016-3912957CB388}.Debug|Any CPU.Deploy.0 = Debug|Any CPU
		{FCE08C58-81F5-4DA3-A016-3912957CB388}.Release|Any CPU.ActiveCfg = Release|Any CPU
		{FCE08C58-81F5-4DA3-A016-3912957CB388}.Release|Any CPU.Build.0 = Release|Any CPU
		{FCE08C58-81F5-4DA3-A016-3912957CB388}.Release|Any CPU.Deploy.0 = Release|Any CPU
		{1ACB7F8A-A19B-4DD8-8F40-7380F725B32E}.Debug|Any CPU.ActiveCfg = Debug|Any CPU
		{1ACB7F8A-A19B-4DD8-8F40-7380F725B32E}.Debug|Any CPU.Build.0 = Debug|Any CPU
		{1ACB7F8A-A19B-4DD8-8F40-7380F725B32E}.Release|Any CPU.ActiveCfg = Release|Any CPU
		{1ACB7F8A-A19B-4DD8-8F40-7380F725B32E}.Release|Any CPU.Build.0 = Release|Any CPU
		{46EE271D-6B4C-44C9-853C-D7BB9B7BFCF2}.Debug|Any CPU.ActiveCfg = Debug|Any CPU
		{46EE271D-6B4C-44C9-853C-D7BB9B7BFCF2}.Debug|Any CPU.Build.0 = Debug|Any CPU
		{46EE271D-6B4C-44C9-853C-D7BB9B7BFCF2}.Release|Any CPU.ActiveCfg = Release|Any CPU
		{46EE271D-6B4C-44C9-853C-D7BB9B7BFCF2}.Release|Any CPU.Build.0 = Release|Any CPU
		{E2D7E7BC-9467-48BF-A84B-C86C7DB3EB08}.Debug|Any CPU.ActiveCfg = Debug|Any CPU
		{E2D7E7BC-9467-48BF-A84B-C86C7DB3EB08}.Debug|Any CPU.Build.0 = Debug|Any CPU
		{E2D7E7BC-9467-48BF-A84B-C86C7DB3EB08}.Release|Any CPU.ActiveCfg = Release|Any CPU
		{E2D7E7BC-9467-48BF-A84B-C86C7DB3EB08}.Release|Any CPU.Build.0 = Release|Any CPU
	EndGlobalSection
	GlobalSection(SolutionProperties) = preSolution
		HideSolutionNode = FALSE
	EndGlobalSection
	GlobalSection(ExtensibilityGlobals) = postSolution
		SolutionGuid = {D09E3B4F-9323-4CF8-B4F5-30592DB9B1C2}
	EndGlobalSection
EndGlobal
