
Microsoft Visual Studio Solution File, Format Version 12.00
# Visual Studio Version 16
VisualStudioVersion = 16.0.30309.148
MinimumVisualStudioVersion = 10.0.40219.1
Project("{2150E333-8FDC-42A3-9474-1A3956D46DE8}") = "Solution Items", "Solution Items", "{F497B335-304D-4B5D-B5E2-A49989E39B77}"
	ProjectSection(SolutionItems) = preProject
		CodeCoverage.runsettings = CodeCoverage.runsettings
		LICENSE.txt = LICENSE.txt
	EndProjectSection
EndProject
Project("{2150E333-8FDC-42A3-9474-1A3956D46DE8}") = "server", "server", "{817F35E1-FA09-4A13-821A-28DE2B903F46}"
EndProject
Project("{2150E333-8FDC-42A3-9474-1A3956D46DE8}") = "src", "src", "{DC683A50-7B8A-464A-911B-117C1CB5A2E9}"
EndProject
Project("{2150E333-8FDC-42A3-9474-1A3956D46DE8}") = "test", "test", "{718DA6E8-04DD-42A3-8892-9EF59D98F79D}"
EndProject
Project("{2150E333-8FDC-42A3-9474-1A3956D46DE8}") = "samples", "samples", "{A6A816F1-EB1C-4C9A-8AB0-6119E7A79302}"
EndProject
Project("{2150E333-8FDC-42A3-9474-1A3956D46DE8}") = "client", "client", "{77AA4556-5C51-4A84-A1E2-C80A9EA29374}"
EndProject
Project("{2150E333-8FDC-42A3-9474-1A3956D46DE8}") = "src", "src", "{FEF7CEEF-50E3-4FDB-8F58-479C6B3B9BFB}"
EndProject
Project("{2150E333-8FDC-42A3-9474-1A3956D46DE8}") = "test", "test", "{055F0DAA-62AD-403D-8288-B60D02A0ABC1}"
EndProject
Project("{9A19103F-16F7-4668-BE54-9A1E7A4F7556}") = "Microsoft.Zumo.Server", "server\src\Microsoft.Zumo.Server\Microsoft.Zumo.Server.csproj", "{C5A2D48A-0DBB-429E-AAF6-CC4EEAD53C72}"
EndProject
Project("{9A19103F-16F7-4668-BE54-9A1E7A4F7556}") = "Microsoft.Zumo.Server.Entity", "server\src\Microsoft.Zumo.Server.Entity\Microsoft.Zumo.Server.Entity.csproj", "{4DD1F067-822E-4CDE-B322-B659A194DD29}"
EndProject
Project("{9A19103F-16F7-4668-BE54-9A1E7A4F7556}") = "Microsoft.Zumo.Server.Entity.Test", "server\test\Microsoft.Zumo.Server.Entity.Test\Microsoft.Zumo.Server.Entity.Test.csproj", "{4D4530F7-84F4-4B13-A6FE-A18C50705606}"
EndProject
Project("{9A19103F-16F7-4668-BE54-9A1E7A4F7556}") = "Microsoft.Zumo.Server.Test", "server\test\Microsoft.Zumo.Server.Test\Microsoft.Zumo.Server.Test.csproj", "{9CD5590B-3C3C-4C0F-9C13-F80B22935100}"
EndProject
Project("{9A19103F-16F7-4668-BE54-9A1E7A4F7556}") = "Microsoft.Zumo.MobileData", "client\src\Microsoft.Zumo.MobileData\Microsoft.Zumo.MobileData.csproj", "{AE882E4E-BD34-4994-86A9-B4E89DC42FC1}"
EndProject
Project("{9A19103F-16F7-4668-BE54-9A1E7A4F7556}") = "Microsoft.Zumo.MobileData.Test", "client\test\Microsoft.Zumo.MobileData.Test\Microsoft.Zumo.MobileData.Test.csproj", "{B6D5BFCB-478C-495B-86CD-68AAFDEE6834}"
EndProject
Project("{9A19103F-16F7-4668-BE54-9A1E7A4F7556}") = "Todo.AspNetCore.Server", "samples\Todo.AspNetCore.Server\Todo.AspNetCore.Server.csproj", "{4633677E-1D76-49AD-A1DC-925EB87860DE}"
EndProject
Project("{9A19103F-16F7-4668-BE54-9A1E7A4F7556}") = "Todo.NetStandard.Common", "samples\Todo.NetStandard.Common\Todo.NetStandard.Common.csproj", "{E9F16903-33A4-4E54-A3B9-1AB165F21D04}"
EndProject
Project("{FAE04EC0-301F-11D3-BF4B-00C04F79EFBC}") = "Todo.XamarinForms.Android", "samples\Todo.XamarinForms\Todo.XamarinForms.Android\Todo.XamarinForms.Android.csproj", "{B20FA84C-34CA-4DA6-9EDC-59D245A0596D}"
EndProject
Project("{FAE04EC0-301F-11D3-BF4B-00C04F79EFBC}") = "Todo.XamarinForms.iOS", "samples\Todo.XamarinForms\Todo.XamarinForms.iOS\Todo.XamarinForms.iOS.csproj", "{DF89BA07-7887-4329-85F9-93E376AA3E35}"
EndProject
Project("{9A19103F-16F7-4668-BE54-9A1E7A4F7556}") = "Todo.XamarinForms", "samples\Todo.XamarinForms\Todo.XamarinForms\Todo.XamarinForms.csproj", "{77C706F6-2A39-400F-B9B1-CCDAEA3821C8}"
EndProject
Project("{2150E333-8FDC-42A3-9474-1A3956D46DE8}") = "e2etest", "e2etest", "{B8336DA4-13C4-4039-B30A-A7AA7B077672}"
EndProject
Project("{FAE04EC0-301F-11D3-BF4B-00C04F79EFBC}") = "Microsoft.Zumo.E2EServer", "e2etest\Microsoft.Zumo.E2EServer\Microsoft.Zumo.E2EServer.csproj", "{A224ED88-22B6-44FC-A39D-A0520DB0EBD2}"
EndProject
Global
	GlobalSection(SolutionConfigurationPlatforms) = preSolution
		Debug|Any CPU = Debug|Any CPU
		Debug|iPhone = Debug|iPhone
		Debug|iPhoneSimulator = Debug|iPhoneSimulator
		Release|Any CPU = Release|Any CPU
		Release|iPhone = Release|iPhone
		Release|iPhoneSimulator = Release|iPhoneSimulator
	EndGlobalSection
	GlobalSection(ProjectConfigurationPlatforms) = postSolution
		{C5A2D48A-0DBB-429E-AAF6-CC4EEAD53C72}.Debug|Any CPU.ActiveCfg = Debug|Any CPU
		{C5A2D48A-0DBB-429E-AAF6-CC4EEAD53C72}.Debug|Any CPU.Build.0 = Debug|Any CPU
		{C5A2D48A-0DBB-429E-AAF6-CC4EEAD53C72}.Debug|iPhone.ActiveCfg = Debug|Any CPU
		{C5A2D48A-0DBB-429E-AAF6-CC4EEAD53C72}.Debug|iPhone.Build.0 = Debug|Any CPU
		{C5A2D48A-0DBB-429E-AAF6-CC4EEAD53C72}.Debug|iPhoneSimulator.ActiveCfg = Debug|Any CPU
		{C5A2D48A-0DBB-429E-AAF6-CC4EEAD53C72}.Debug|iPhoneSimulator.Build.0 = Debug|Any CPU
		{C5A2D48A-0DBB-429E-AAF6-CC4EEAD53C72}.Release|Any CPU.ActiveCfg = Release|Any CPU
		{C5A2D48A-0DBB-429E-AAF6-CC4EEAD53C72}.Release|Any CPU.Build.0 = Release|Any CPU
		{C5A2D48A-0DBB-429E-AAF6-CC4EEAD53C72}.Release|iPhone.ActiveCfg = Release|Any CPU
		{C5A2D48A-0DBB-429E-AAF6-CC4EEAD53C72}.Release|iPhone.Build.0 = Release|Any CPU
		{C5A2D48A-0DBB-429E-AAF6-CC4EEAD53C72}.Release|iPhoneSimulator.ActiveCfg = Release|Any CPU
		{C5A2D48A-0DBB-429E-AAF6-CC4EEAD53C72}.Release|iPhoneSimulator.Build.0 = Release|Any CPU
		{4DD1F067-822E-4CDE-B322-B659A194DD29}.Debug|Any CPU.ActiveCfg = Debug|Any CPU
		{4DD1F067-822E-4CDE-B322-B659A194DD29}.Debug|Any CPU.Build.0 = Debug|Any CPU
		{4DD1F067-822E-4CDE-B322-B659A194DD29}.Debug|iPhone.ActiveCfg = Debug|Any CPU
		{4DD1F067-822E-4CDE-B322-B659A194DD29}.Debug|iPhone.Build.0 = Debug|Any CPU
		{4DD1F067-822E-4CDE-B322-B659A194DD29}.Debug|iPhoneSimulator.ActiveCfg = Debug|Any CPU
		{4DD1F067-822E-4CDE-B322-B659A194DD29}.Debug|iPhoneSimulator.Build.0 = Debug|Any CPU
		{4DD1F067-822E-4CDE-B322-B659A194DD29}.Release|Any CPU.ActiveCfg = Release|Any CPU
		{4DD1F067-822E-4CDE-B322-B659A194DD29}.Release|Any CPU.Build.0 = Release|Any CPU
		{4DD1F067-822E-4CDE-B322-B659A194DD29}.Release|iPhone.ActiveCfg = Release|Any CPU
		{4DD1F067-822E-4CDE-B322-B659A194DD29}.Release|iPhone.Build.0 = Release|Any CPU
		{4DD1F067-822E-4CDE-B322-B659A194DD29}.Release|iPhoneSimulator.ActiveCfg = Release|Any CPU
		{4DD1F067-822E-4CDE-B322-B659A194DD29}.Release|iPhoneSimulator.Build.0 = Release|Any CPU
		{4D4530F7-84F4-4B13-A6FE-A18C50705606}.Debug|Any CPU.ActiveCfg = Debug|Any CPU
		{4D4530F7-84F4-4B13-A6FE-A18C50705606}.Debug|Any CPU.Build.0 = Debug|Any CPU
		{4D4530F7-84F4-4B13-A6FE-A18C50705606}.Debug|iPhone.ActiveCfg = Debug|Any CPU
		{4D4530F7-84F4-4B13-A6FE-A18C50705606}.Debug|iPhone.Build.0 = Debug|Any CPU
		{4D4530F7-84F4-4B13-A6FE-A18C50705606}.Debug|iPhoneSimulator.ActiveCfg = Debug|Any CPU
		{4D4530F7-84F4-4B13-A6FE-A18C50705606}.Debug|iPhoneSimulator.Build.0 = Debug|Any CPU
		{4D4530F7-84F4-4B13-A6FE-A18C50705606}.Release|Any CPU.ActiveCfg = Release|Any CPU
		{4D4530F7-84F4-4B13-A6FE-A18C50705606}.Release|Any CPU.Build.0 = Release|Any CPU
		{4D4530F7-84F4-4B13-A6FE-A18C50705606}.Release|iPhone.ActiveCfg = Release|Any CPU
		{4D4530F7-84F4-4B13-A6FE-A18C50705606}.Release|iPhone.Build.0 = Release|Any CPU
		{4D4530F7-84F4-4B13-A6FE-A18C50705606}.Release|iPhoneSimulator.ActiveCfg = Release|Any CPU
		{4D4530F7-84F4-4B13-A6FE-A18C50705606}.Release|iPhoneSimulator.Build.0 = Release|Any CPU
		{9CD5590B-3C3C-4C0F-9C13-F80B22935100}.Debug|Any CPU.ActiveCfg = Debug|Any CPU
		{9CD5590B-3C3C-4C0F-9C13-F80B22935100}.Debug|Any CPU.Build.0 = Debug|Any CPU
		{9CD5590B-3C3C-4C0F-9C13-F80B22935100}.Debug|iPhone.ActiveCfg = Debug|Any CPU
		{9CD5590B-3C3C-4C0F-9C13-F80B22935100}.Debug|iPhone.Build.0 = Debug|Any CPU
		{9CD5590B-3C3C-4C0F-9C13-F80B22935100}.Debug|iPhoneSimulator.ActiveCfg = Debug|Any CPU
		{9CD5590B-3C3C-4C0F-9C13-F80B22935100}.Debug|iPhoneSimulator.Build.0 = Debug|Any CPU
		{9CD5590B-3C3C-4C0F-9C13-F80B22935100}.Release|Any CPU.ActiveCfg = Release|Any CPU
		{9CD5590B-3C3C-4C0F-9C13-F80B22935100}.Release|Any CPU.Build.0 = Release|Any CPU
		{9CD5590B-3C3C-4C0F-9C13-F80B22935100}.Release|iPhone.ActiveCfg = Release|Any CPU
		{9CD5590B-3C3C-4C0F-9C13-F80B22935100}.Release|iPhone.Build.0 = Release|Any CPU
		{9CD5590B-3C3C-4C0F-9C13-F80B22935100}.Release|iPhoneSimulator.ActiveCfg = Release|Any CPU
		{9CD5590B-3C3C-4C0F-9C13-F80B22935100}.Release|iPhoneSimulator.Build.0 = Release|Any CPU
		{AE882E4E-BD34-4994-86A9-B4E89DC42FC1}.Debug|Any CPU.ActiveCfg = Debug|Any CPU
		{AE882E4E-BD34-4994-86A9-B4E89DC42FC1}.Debug|Any CPU.Build.0 = Debug|Any CPU
		{AE882E4E-BD34-4994-86A9-B4E89DC42FC1}.Debug|iPhone.ActiveCfg = Debug|Any CPU
		{AE882E4E-BD34-4994-86A9-B4E89DC42FC1}.Debug|iPhone.Build.0 = Debug|Any CPU
		{AE882E4E-BD34-4994-86A9-B4E89DC42FC1}.Debug|iPhoneSimulator.ActiveCfg = Debug|Any CPU
		{AE882E4E-BD34-4994-86A9-B4E89DC42FC1}.Debug|iPhoneSimulator.Build.0 = Debug|Any CPU
		{AE882E4E-BD34-4994-86A9-B4E89DC42FC1}.Release|Any CPU.ActiveCfg = Release|Any CPU
		{AE882E4E-BD34-4994-86A9-B4E89DC42FC1}.Release|Any CPU.Build.0 = Release|Any CPU
		{AE882E4E-BD34-4994-86A9-B4E89DC42FC1}.Release|iPhone.ActiveCfg = Release|Any CPU
		{AE882E4E-BD34-4994-86A9-B4E89DC42FC1}.Release|iPhone.Build.0 = Release|Any CPU
		{AE882E4E-BD34-4994-86A9-B4E89DC42FC1}.Release|iPhoneSimulator.ActiveCfg = Release|Any CPU
		{AE882E4E-BD34-4994-86A9-B4E89DC42FC1}.Release|iPhoneSimulator.Build.0 = Release|Any CPU
		{B6D5BFCB-478C-495B-86CD-68AAFDEE6834}.Debug|Any CPU.ActiveCfg = Debug|Any CPU
		{B6D5BFCB-478C-495B-86CD-68AAFDEE6834}.Debug|Any CPU.Build.0 = Debug|Any CPU
		{B6D5BFCB-478C-495B-86CD-68AAFDEE6834}.Debug|iPhone.ActiveCfg = Debug|Any CPU
		{B6D5BFCB-478C-495B-86CD-68AAFDEE6834}.Debug|iPhone.Build.0 = Debug|Any CPU
		{B6D5BFCB-478C-495B-86CD-68AAFDEE6834}.Debug|iPhoneSimulator.ActiveCfg = Debug|Any CPU
		{B6D5BFCB-478C-495B-86CD-68AAFDEE6834}.Debug|iPhoneSimulator.Build.0 = Debug|Any CPU
		{B6D5BFCB-478C-495B-86CD-68AAFDEE6834}.Release|Any CPU.ActiveCfg = Release|Any CPU
		{B6D5BFCB-478C-495B-86CD-68AAFDEE6834}.Release|Any CPU.Build.0 = Release|Any CPU
		{B6D5BFCB-478C-495B-86CD-68AAFDEE6834}.Release|iPhone.ActiveCfg = Release|Any CPU
		{B6D5BFCB-478C-495B-86CD-68AAFDEE6834}.Release|iPhone.Build.0 = Release|Any CPU
		{B6D5BFCB-478C-495B-86CD-68AAFDEE6834}.Release|iPhoneSimulator.ActiveCfg = Release|Any CPU
		{B6D5BFCB-478C-495B-86CD-68AAFDEE6834}.Release|iPhoneSimulator.Build.0 = Release|Any CPU
		{4633677E-1D76-49AD-A1DC-925EB87860DE}.Debug|Any CPU.ActiveCfg = Debug|Any CPU
		{4633677E-1D76-49AD-A1DC-925EB87860DE}.Debug|Any CPU.Build.0 = Debug|Any CPU
		{4633677E-1D76-49AD-A1DC-925EB87860DE}.Debug|iPhone.ActiveCfg = Debug|Any CPU
		{4633677E-1D76-49AD-A1DC-925EB87860DE}.Debug|iPhone.Build.0 = Debug|Any CPU
		{4633677E-1D76-49AD-A1DC-925EB87860DE}.Debug|iPhoneSimulator.ActiveCfg = Debug|Any CPU
		{4633677E-1D76-49AD-A1DC-925EB87860DE}.Debug|iPhoneSimulator.Build.0 = Debug|Any CPU
		{4633677E-1D76-49AD-A1DC-925EB87860DE}.Release|Any CPU.ActiveCfg = Release|Any CPU
		{4633677E-1D76-49AD-A1DC-925EB87860DE}.Release|Any CPU.Build.0 = Release|Any CPU
		{4633677E-1D76-49AD-A1DC-925EB87860DE}.Release|iPhone.ActiveCfg = Release|Any CPU
		{4633677E-1D76-49AD-A1DC-925EB87860DE}.Release|iPhone.Build.0 = Release|Any CPU
		{4633677E-1D76-49AD-A1DC-925EB87860DE}.Release|iPhoneSimulator.ActiveCfg = Release|Any CPU
		{4633677E-1D76-49AD-A1DC-925EB87860DE}.Release|iPhoneSimulator.Build.0 = Release|Any CPU
		{E9F16903-33A4-4E54-A3B9-1AB165F21D04}.Debug|Any CPU.ActiveCfg = Debug|Any CPU
		{E9F16903-33A4-4E54-A3B9-1AB165F21D04}.Debug|Any CPU.Build.0 = Debug|Any CPU
		{E9F16903-33A4-4E54-A3B9-1AB165F21D04}.Debug|iPhone.ActiveCfg = Debug|Any CPU
		{E9F16903-33A4-4E54-A3B9-1AB165F21D04}.Debug|iPhone.Build.0 = Debug|Any CPU
		{E9F16903-33A4-4E54-A3B9-1AB165F21D04}.Debug|iPhoneSimulator.ActiveCfg = Debug|Any CPU
		{E9F16903-33A4-4E54-A3B9-1AB165F21D04}.Debug|iPhoneSimulator.Build.0 = Debug|Any CPU
		{E9F16903-33A4-4E54-A3B9-1AB165F21D04}.Release|Any CPU.ActiveCfg = Release|Any CPU
		{E9F16903-33A4-4E54-A3B9-1AB165F21D04}.Release|Any CPU.Build.0 = Release|Any CPU
		{E9F16903-33A4-4E54-A3B9-1AB165F21D04}.Release|iPhone.ActiveCfg = Release|Any CPU
		{E9F16903-33A4-4E54-A3B9-1AB165F21D04}.Release|iPhone.Build.0 = Release|Any CPU
		{E9F16903-33A4-4E54-A3B9-1AB165F21D04}.Release|iPhoneSimulator.ActiveCfg = Release|Any CPU
		{E9F16903-33A4-4E54-A3B9-1AB165F21D04}.Release|iPhoneSimulator.Build.0 = Release|Any CPU
		{B20FA84C-34CA-4DA6-9EDC-59D245A0596D}.Debug|Any CPU.ActiveCfg = Debug|Any CPU
		{B20FA84C-34CA-4DA6-9EDC-59D245A0596D}.Debug|Any CPU.Build.0 = Debug|Any CPU
		{B20FA84C-34CA-4DA6-9EDC-59D245A0596D}.Debug|Any CPU.Deploy.0 = Debug|Any CPU
		{B20FA84C-34CA-4DA6-9EDC-59D245A0596D}.Debug|iPhone.ActiveCfg = Debug|Any CPU
		{B20FA84C-34CA-4DA6-9EDC-59D245A0596D}.Debug|iPhone.Build.0 = Debug|Any CPU
		{B20FA84C-34CA-4DA6-9EDC-59D245A0596D}.Debug|iPhone.Deploy.0 = Debug|Any CPU
		{B20FA84C-34CA-4DA6-9EDC-59D245A0596D}.Debug|iPhoneSimulator.ActiveCfg = Debug|Any CPU
		{B20FA84C-34CA-4DA6-9EDC-59D245A0596D}.Debug|iPhoneSimulator.Build.0 = Debug|Any CPU
		{B20FA84C-34CA-4DA6-9EDC-59D245A0596D}.Debug|iPhoneSimulator.Deploy.0 = Debug|Any CPU
		{B20FA84C-34CA-4DA6-9EDC-59D245A0596D}.Release|Any CPU.ActiveCfg = Release|Any CPU
		{B20FA84C-34CA-4DA6-9EDC-59D245A0596D}.Release|Any CPU.Build.0 = Release|Any CPU
		{B20FA84C-34CA-4DA6-9EDC-59D245A0596D}.Release|Any CPU.Deploy.0 = Release|Any CPU
		{B20FA84C-34CA-4DA6-9EDC-59D245A0596D}.Release|iPhone.ActiveCfg = Release|Any CPU
		{B20FA84C-34CA-4DA6-9EDC-59D245A0596D}.Release|iPhone.Build.0 = Release|Any CPU
		{B20FA84C-34CA-4DA6-9EDC-59D245A0596D}.Release|iPhone.Deploy.0 = Release|Any CPU
		{B20FA84C-34CA-4DA6-9EDC-59D245A0596D}.Release|iPhoneSimulator.ActiveCfg = Release|Any CPU
		{B20FA84C-34CA-4DA6-9EDC-59D245A0596D}.Release|iPhoneSimulator.Build.0 = Release|Any CPU
		{B20FA84C-34CA-4DA6-9EDC-59D245A0596D}.Release|iPhoneSimulator.Deploy.0 = Release|Any CPU
		{DF89BA07-7887-4329-85F9-93E376AA3E35}.Debug|Any CPU.ActiveCfg = Debug|iPhone
		{DF89BA07-7887-4329-85F9-93E376AA3E35}.Debug|iPhone.ActiveCfg = Debug|iPhone
		{DF89BA07-7887-4329-85F9-93E376AA3E35}.Debug|iPhone.Build.0 = Debug|iPhone
		{DF89BA07-7887-4329-85F9-93E376AA3E35}.Debug|iPhoneSimulator.ActiveCfg = Debug|iPhoneSimulator
		{DF89BA07-7887-4329-85F9-93E376AA3E35}.Debug|iPhoneSimulator.Build.0 = Debug|iPhoneSimulator
		{DF89BA07-7887-4329-85F9-93E376AA3E35}.Release|Any CPU.ActiveCfg = Release|iPhone
		{DF89BA07-7887-4329-85F9-93E376AA3E35}.Release|iPhone.ActiveCfg = Release|iPhone
		{DF89BA07-7887-4329-85F9-93E376AA3E35}.Release|iPhone.Build.0 = Release|iPhone
		{DF89BA07-7887-4329-85F9-93E376AA3E35}.Release|iPhoneSimulator.ActiveCfg = Release|iPhoneSimulator
		{DF89BA07-7887-4329-85F9-93E376AA3E35}.Release|iPhoneSimulator.Build.0 = Release|iPhoneSimulator
		{77C706F6-2A39-400F-B9B1-CCDAEA3821C8}.Debug|Any CPU.ActiveCfg = Debug|Any CPU
		{77C706F6-2A39-400F-B9B1-CCDAEA3821C8}.Debug|Any CPU.Build.0 = Debug|Any CPU
		{77C706F6-2A39-400F-B9B1-CCDAEA3821C8}.Debug|iPhone.ActiveCfg = Debug|Any CPU
		{77C706F6-2A39-400F-B9B1-CCDAEA3821C8}.Debug|iPhone.Build.0 = Debug|Any CPU
		{77C706F6-2A39-400F-B9B1-CCDAEA3821C8}.Debug|iPhoneSimulator.ActiveCfg = Debug|Any CPU
		{77C706F6-2A39-400F-B9B1-CCDAEA3821C8}.Debug|iPhoneSimulator.Build.0 = Debug|Any CPU
		{77C706F6-2A39-400F-B9B1-CCDAEA3821C8}.Release|Any CPU.ActiveCfg = Release|Any CPU
		{77C706F6-2A39-400F-B9B1-CCDAEA3821C8}.Release|Any CPU.Build.0 = Release|Any CPU
		{77C706F6-2A39-400F-B9B1-CCDAEA3821C8}.Release|iPhone.ActiveCfg = Release|Any CPU
		{77C706F6-2A39-400F-B9B1-CCDAEA3821C8}.Release|iPhone.Build.0 = Release|Any CPU
		{77C706F6-2A39-400F-B9B1-CCDAEA3821C8}.Release|iPhoneSimulator.ActiveCfg = Release|Any CPU
		{77C706F6-2A39-400F-B9B1-CCDAEA3821C8}.Release|iPhoneSimulator.Build.0 = Release|Any CPU
		{A224ED88-22B6-44FC-A39D-A0520DB0EBD2}.Debug|Any CPU.ActiveCfg = Debug|Any CPU
		{A224ED88-22B6-44FC-A39D-A0520DB0EBD2}.Debug|Any CPU.Build.0 = Debug|Any CPU
		{A224ED88-22B6-44FC-A39D-A0520DB0EBD2}.Debug|iPhone.ActiveCfg = Debug|Any CPU
		{A224ED88-22B6-44FC-A39D-A0520DB0EBD2}.Debug|iPhone.Build.0 = Debug|Any CPU
		{A224ED88-22B6-44FC-A39D-A0520DB0EBD2}.Debug|iPhoneSimulator.ActiveCfg = Debug|Any CPU
		{A224ED88-22B6-44FC-A39D-A0520DB0EBD2}.Debug|iPhoneSimulator.Build.0 = Debug|Any CPU
		{A224ED88-22B6-44FC-A39D-A0520DB0EBD2}.Release|Any CPU.ActiveCfg = Release|Any CPU
		{A224ED88-22B6-44FC-A39D-A0520DB0EBD2}.Release|Any CPU.Build.0 = Release|Any CPU
		{A224ED88-22B6-44FC-A39D-A0520DB0EBD2}.Release|iPhone.ActiveCfg = Release|Any CPU
		{A224ED88-22B6-44FC-A39D-A0520DB0EBD2}.Release|iPhone.Build.0 = Release|Any CPU
		{A224ED88-22B6-44FC-A39D-A0520DB0EBD2}.Release|iPhoneSimulator.ActiveCfg = Release|Any CPU
		{A224ED88-22B6-44FC-A39D-A0520DB0EBD2}.Release|iPhoneSimulator.Build.0 = Release|Any CPU
	EndGlobalSection
	GlobalSection(SolutionProperties) = preSolution
		HideSolutionNode = FALSE
	EndGlobalSection
	GlobalSection(NestedProjects) = preSolution
		{DC683A50-7B8A-464A-911B-117C1CB5A2E9} = {817F35E1-FA09-4A13-821A-28DE2B903F46}
		{718DA6E8-04DD-42A3-8892-9EF59D98F79D} = {817F35E1-FA09-4A13-821A-28DE2B903F46}
		{FEF7CEEF-50E3-4FDB-8F58-479C6B3B9BFB} = {77AA4556-5C51-4A84-A1E2-C80A9EA29374}
		{055F0DAA-62AD-403D-8288-B60D02A0ABC1} = {77AA4556-5C51-4A84-A1E2-C80A9EA29374}
		{C5A2D48A-0DBB-429E-AAF6-CC4EEAD53C72} = {DC683A50-7B8A-464A-911B-117C1CB5A2E9}
		{4DD1F067-822E-4CDE-B322-B659A194DD29} = {DC683A50-7B8A-464A-911B-117C1CB5A2E9}
		{4D4530F7-84F4-4B13-A6FE-A18C50705606} = {718DA6E8-04DD-42A3-8892-9EF59D98F79D}
		{9CD5590B-3C3C-4C0F-9C13-F80B22935100} = {718DA6E8-04DD-42A3-8892-9EF59D98F79D}
		{AE882E4E-BD34-4994-86A9-B4E89DC42FC1} = {FEF7CEEF-50E3-4FDB-8F58-479C6B3B9BFB}
		{B6D5BFCB-478C-495B-86CD-68AAFDEE6834} = {055F0DAA-62AD-403D-8288-B60D02A0ABC1}
		{4633677E-1D76-49AD-A1DC-925EB87860DE} = {A6A816F1-EB1C-4C9A-8AB0-6119E7A79302}
		{E9F16903-33A4-4E54-A3B9-1AB165F21D04} = {A6A816F1-EB1C-4C9A-8AB0-6119E7A79302}
		{B20FA84C-34CA-4DA6-9EDC-59D245A0596D} = {A6A816F1-EB1C-4C9A-8AB0-6119E7A79302}
		{DF89BA07-7887-4329-85F9-93E376AA3E35} = {A6A816F1-EB1C-4C9A-8AB0-6119E7A79302}
		{77C706F6-2A39-400F-B9B1-CCDAEA3821C8} = {A6A816F1-EB1C-4C9A-8AB0-6119E7A79302}
		{A224ED88-22B6-44FC-A39D-A0520DB0EBD2} = {B8336DA4-13C4-4039-B30A-A7AA7B077672}
	EndGlobalSection
	GlobalSection(ExtensibilityGlobals) = postSolution
		SolutionGuid = {3B7D84DF-EF2C-47CA-880E-D600E89CA1EB}
	EndGlobalSection
EndGlobal
