
Microsoft Visual Studio Solution File, Format Version 12.00
# Visual Studio Version 16
VisualStudioVersion = 16.0.30717.126
MinimumVisualStudioVersion = 10.0.40219.1
Project("{FAE04EC0-301F-11D3-BF4B-00C04F79EFBC}") = "ZumoQuickstart.UWP", "ZumoQuickstart\ZumoQuickstart.UWP\ZumoQuickstart.UWP.csproj", "{A617E67F-7128-45BD-B2D1-76A6DE11CD10}"
EndProject
Project("{FAE04EC0-301F-11D3-BF4B-00C04F79EFBC}") = "ZumoQuickstart.Android", "ZumoQuickstart\ZumoQuickstart.Android\ZumoQuickstart.Android.csproj", "{7AFAA4C1-F5CC-4414-8F26-3A22DA84E5E0}"
EndProject
Project("{FAE04EC0-301F-11D3-BF4B-00C04F79EFBC}") = "ZumoQuickstart.iOS", "ZumoQuickstart\ZumoQuickstart.iOS\ZumoQuickstart.iOS.csproj", "{8DF088B0-7DFE-4C49-9B05-C42B445DB658}"
EndProject
Project("{FAE04EC0-301F-11D3-BF4B-00C04F79EFBC}") = "ZumoQuickstart", "ZumoQuickstart\ZumoQuickstart\ZumoQuickstart.csproj", "{32916B50-64DC-4A57-84FD-0D2372F378A3}"
EndProject
Global
	GlobalSection(SolutionConfigurationPlatforms) = preSolution
		Debug|Any CPU = Debug|Any CPU
		Debug|ARM = Debug|ARM
		Debug|iPhone = Debug|iPhone
		Debug|iPhoneSimulator = Debug|iPhoneSimulator
		Debug|x64 = Debug|x64
		Debug|x86 = Debug|x86
		Release|Any CPU = Release|Any CPU
		Release|ARM = Release|ARM
		Release|iPhone = Release|iPhone
		Release|iPhoneSimulator = Release|iPhoneSimulator
		Release|x64 = Release|x64
		Release|x86 = Release|x86
	EndGlobalSection
	GlobalSection(ProjectConfigurationPlatforms) = postSolution
		{A617E67F-7128-45BD-B2D1-76A6DE11CD10}.Debug|Any CPU.ActiveCfg = Debug|x86
		{A617E67F-7128-45BD-B2D1-76A6DE11CD10}.Debug|Any CPU.Build.0 = Debug|x86
		{A617E67F-7128-45BD-B2D1-76A6DE11CD10}.Debug|Any CPU.Deploy.0 = Debug|x86
		{A617E67F-7128-45BD-B2D1-76A6DE11CD10}.Debug|ARM.ActiveCfg = Debug|ARM
		{A617E67F-7128-45BD-B2D1-76A6DE11CD10}.Debug|ARM.Build.0 = Debug|ARM
		{A617E67F-7128-45BD-B2D1-76A6DE11CD10}.Debug|ARM.Deploy.0 = Debug|ARM
		{A617E67F-7128-45BD-B2D1-76A6DE11CD10}.Debug|iPhone.ActiveCfg = Debug|x86
		{A617E67F-7128-45BD-B2D1-76A6DE11CD10}.Debug|iPhone.Build.0 = Debug|x86
		{A617E67F-7128-45BD-B2D1-76A6DE11CD10}.Debug|iPhone.Deploy.0 = Debug|x86
		{A617E67F-7128-45BD-B2D1-76A6DE11CD10}.Debug|iPhoneSimulator.ActiveCfg = Debug|x86
		{A617E67F-7128-45BD-B2D1-76A6DE11CD10}.Debug|iPhoneSimulator.Build.0 = Debug|x86
		{A617E67F-7128-45BD-B2D1-76A6DE11CD10}.Debug|iPhoneSimulator.Deploy.0 = Debug|x86
		{A617E67F-7128-45BD-B2D1-76A6DE11CD10}.Debug|x64.ActiveCfg = Debug|x64
		{A617E67F-7128-45BD-B2D1-76A6DE11CD10}.Debug|x64.Build.0 = Debug|x64
		{A617E67F-7128-45BD-B2D1-76A6DE11CD10}.Debug|x64.Deploy.0 = Debug|x64
		{A617E67F-7128-45BD-B2D1-76A6DE11CD10}.Debug|x86.ActiveCfg = Debug|x86
		{A617E67F-7128-45BD-B2D1-76A6DE11CD10}.Debug|x86.Build.0 = Debug|x86
		{A617E67F-7128-45BD-B2D1-76A6DE11CD10}.Debug|x86.Deploy.0 = Debug|x86
		{A617E67F-7128-45BD-B2D1-76A6DE11CD10}.Release|Any CPU.ActiveCfg = Release|x86
		{A617E67F-7128-45BD-B2D1-76A6DE11CD10}.Release|Any CPU.Build.0 = Release|x86
		{A617E67F-7128-45BD-B2D1-76A6DE11CD10}.Release|Any CPU.Deploy.0 = Release|x86
		{A617E67F-7128-45BD-B2D1-76A6DE11CD10}.Release|ARM.ActiveCfg = Release|ARM
		{A617E67F-7128-45BD-B2D1-76A6DE11CD10}.Release|ARM.Build.0 = Release|ARM
		{A617E67F-7128-45BD-B2D1-76A6DE11CD10}.Release|ARM.Deploy.0 = Release|ARM
		{A617E67F-7128-45BD-B2D1-76A6DE11CD10}.Release|iPhone.ActiveCfg = Release|x86
		{A617E67F-7128-45BD-B2D1-76A6DE11CD10}.Release|iPhone.Build.0 = Release|x86
		{A617E67F-7128-45BD-B2D1-76A6DE11CD10}.Release|iPhone.Deploy.0 = Release|x86
		{A617E67F-7128-45BD-B2D1-76A6DE11CD10}.Release|iPhoneSimulator.ActiveCfg = Release|x86
		{A617E67F-7128-45BD-B2D1-76A6DE11CD10}.Release|iPhoneSimulator.Build.0 = Release|x86
		{A617E67F-7128-45BD-B2D1-76A6DE11CD10}.Release|iPhoneSimulator.Deploy.0 = Release|x86
		{A617E67F-7128-45BD-B2D1-76A6DE11CD10}.Release|x64.ActiveCfg = Release|x64
		{A617E67F-7128-45BD-B2D1-76A6DE11CD10}.Release|x64.Build.0 = Release|x64
		{A617E67F-7128-45BD-B2D1-76A6DE11CD10}.Release|x64.Deploy.0 = Release|x64
		{A617E67F-7128-45BD-B2D1-76A6DE11CD10}.Release|x86.ActiveCfg = Release|x86
		{A617E67F-7128-45BD-B2D1-76A6DE11CD10}.Release|x86.Build.0 = Release|x86
		{A617E67F-7128-45BD-B2D1-76A6DE11CD10}.Release|x86.Deploy.0 = Release|x86
		{7AFAA4C1-F5CC-4414-8F26-3A22DA84E5E0}.Debug|Any CPU.ActiveCfg = Debug|Any CPU
		{7AFAA4C1-F5CC-4414-8F26-3A22DA84E5E0}.Debug|Any CPU.Build.0 = Debug|Any CPU
		{7AFAA4C1-F5CC-4414-8F26-3A22DA84E5E0}.Debug|Any CPU.Deploy.0 = Debug|Any CPU
		{7AFAA4C1-F5CC-4414-8F26-3A22DA84E5E0}.Debug|ARM.ActiveCfg = Debug|Any CPU
		{7AFAA4C1-F5CC-4414-8F26-3A22DA84E5E0}.Debug|ARM.Build.0 = Debug|Any CPU
		{7AFAA4C1-F5CC-4414-8F26-3A22DA84E5E0}.Debug|ARM.Deploy.0 = Debug|Any CPU
		{7AFAA4C1-F5CC-4414-8F26-3A22DA84E5E0}.Debug|iPhone.ActiveCfg = Debug|Any CPU
		{7AFAA4C1-F5CC-4414-8F26-3A22DA84E5E0}.Debug|iPhone.Build.0 = Debug|Any CPU
		{7AFAA4C1-F5CC-4414-8F26-3A22DA84E5E0}.Debug|iPhone.Deploy.0 = Debug|Any CPU
		{7AFAA4C1-F5CC-4414-8F26-3A22DA84E5E0}.Debug|iPhoneSimulator.ActiveCfg = Debug|Any CPU
		{7AFAA4C1-F5CC-4414-8F26-3A22DA84E5E0}.Debug|iPhoneSimulator.Build.0 = Debug|Any CPU
		{7AFAA4C1-F5CC-4414-8F26-3A22DA84E5E0}.Debug|iPhoneSimulator.Deploy.0 = Debug|Any CPU
		{7AFAA4C1-F5CC-4414-8F26-3A22DA84E5E0}.Debug|x64.ActiveCfg = Debug|Any CPU
		{7AFAA4C1-F5CC-4414-8F26-3A22DA84E5E0}.Debug|x64.Build.0 = Debug|Any CPU
		{7AFAA4C1-F5CC-4414-8F26-3A22DA84E5E0}.Debug|x64.Deploy.0 = Debug|Any CPU
		{7AFAA4C1-F5CC-4414-8F26-3A22DA84E5E0}.Debug|x86.ActiveCfg = Debug|Any CPU
		{7AFAA4C1-F5CC-4414-8F26-3A22DA84E5E0}.Debug|x86.Build.0 = Debug|Any CPU
		{7AFAA4C1-F5CC-4414-8F26-3A22DA84E5E0}.Debug|x86.Deploy.0 = Debug|Any CPU
		{7AFAA4C1-F5CC-4414-8F26-3A22DA84E5E0}.Release|Any CPU.ActiveCfg = Release|Any CPU
		{7AFAA4C1-F5CC-4414-8F26-3A22DA84E5E0}.Release|Any CPU.Build.0 = Release|Any CPU
		{7AFAA4C1-F5CC-4414-8F26-3A22DA84E5E0}.Release|Any CPU.Deploy.0 = Release|Any CPU
		{7AFAA4C1-F5CC-4414-8F26-3A22DA84E5E0}.Release|ARM.ActiveCfg = Release|Any CPU
		{7AFAA4C1-F5CC-4414-8F26-3A22DA84E5E0}.Release|ARM.Build.0 = Release|Any CPU
		{7AFAA4C1-F5CC-4414-8F26-3A22DA84E5E0}.Release|ARM.Deploy.0 = Release|Any CPU
		{7AFAA4C1-F5CC-4414-8F26-3A22DA84E5E0}.Release|iPhone.ActiveCfg = Release|Any CPU
		{7AFAA4C1-F5CC-4414-8F26-3A22DA84E5E0}.Release|iPhone.Build.0 = Release|Any CPU
		{7AFAA4C1-F5CC-4414-8F26-3A22DA84E5E0}.Release|iPhone.Deploy.0 = Release|Any CPU
		{7AFAA4C1-F5CC-4414-8F26-3A22DA84E5E0}.Release|iPhoneSimulator.ActiveCfg = Release|Any CPU
		{7AFAA4C1-F5CC-4414-8F26-3A22DA84E5E0}.Release|iPhoneSimulator.Build.0 = Release|Any CPU
		{7AFAA4C1-F5CC-4414-8F26-3A22DA84E5E0}.Release|iPhoneSimulator.Deploy.0 = Release|Any CPU
		{7AFAA4C1-F5CC-4414-8F26-3A22DA84E5E0}.Release|x64.ActiveCfg = Release|Any CPU
		{7AFAA4C1-F5CC-4414-8F26-3A22DA84E5E0}.Release|x64.Build.0 = Release|Any CPU
		{7AFAA4C1-F5CC-4414-8F26-3A22DA84E5E0}.Release|x64.Deploy.0 = Release|Any CPU
		{7AFAA4C1-F5CC-4414-8F26-3A22DA84E5E0}.Release|x86.ActiveCfg = Release|Any CPU
		{7AFAA4C1-F5CC-4414-8F26-3A22DA84E5E0}.Release|x86.Build.0 = Release|Any CPU
		{7AFAA4C1-F5CC-4414-8F26-3A22DA84E5E0}.Release|x86.Deploy.0 = Release|Any CPU
		{8DF088B0-7DFE-4C49-9B05-C42B445DB658}.Debug|Any CPU.ActiveCfg = Debug|iPhoneSimulator
		{8DF088B0-7DFE-4C49-9B05-C42B445DB658}.Debug|Any CPU.Build.0 = Debug|iPhoneSimulator
		{8DF088B0-7DFE-4C49-9B05-C42B445DB658}.Debug|Any CPU.Deploy.0 = Debug|iPhoneSimulator
		{8DF088B0-7DFE-4C49-9B05-C42B445DB658}.Debug|ARM.ActiveCfg = Debug|iPhone
		{8DF088B0-7DFE-4C49-9B05-C42B445DB658}.Debug|ARM.Build.0 = Debug|iPhone
		{8DF088B0-7DFE-4C49-9B05-C42B445DB658}.Debug|ARM.Deploy.0 = Debug|iPhone
		{8DF088B0-7DFE-4C49-9B05-C42B445DB658}.Debug|iPhone.ActiveCfg = Debug|iPhone
		{8DF088B0-7DFE-4C49-9B05-C42B445DB658}.Debug|iPhone.Build.0 = Debug|iPhone
		{8DF088B0-7DFE-4C49-9B05-C42B445DB658}.Debug|iPhone.Deploy.0 = Debug|iPhone
		{8DF088B0-7DFE-4C49-9B05-C42B445DB658}.Debug|iPhoneSimulator.ActiveCfg = Debug|iPhoneSimulator
		{8DF088B0-7DFE-4C49-9B05-C42B445DB658}.Debug|iPhoneSimulator.Build.0 = Debug|iPhoneSimulator
		{8DF088B0-7DFE-4C49-9B05-C42B445DB658}.Debug|iPhoneSimulator.Deploy.0 = Debug|iPhoneSimulator
		{8DF088B0-7DFE-4C49-9B05-C42B445DB658}.Debug|x64.ActiveCfg = Debug|iPhoneSimulator
		{8DF088B0-7DFE-4C49-9B05-C42B445DB658}.Debug|x64.Build.0 = Debug|iPhoneSimulator
		{8DF088B0-7DFE-4C49-9B05-C42B445DB658}.Debug|x64.Deploy.0 = Debug|iPhoneSimulator
		{8DF088B0-7DFE-4C49-9B05-C42B445DB658}.Debug|x86.ActiveCfg = Debug|iPhoneSimulator
		{8DF088B0-7DFE-4C49-9B05-C42B445DB658}.Debug|x86.Build.0 = Debug|iPhoneSimulator
		{8DF088B0-7DFE-4C49-9B05-C42B445DB658}.Debug|x86.Deploy.0 = Debug|iPhoneSimulator
		{8DF088B0-7DFE-4C49-9B05-C42B445DB658}.Release|Any CPU.ActiveCfg = Release|iPhoneSimulator
		{8DF088B0-7DFE-4C49-9B05-C42B445DB658}.Release|Any CPU.Build.0 = Release|iPhoneSimulator
		{8DF088B0-7DFE-4C49-9B05-C42B445DB658}.Release|Any CPU.Deploy.0 = Release|iPhoneSimulator
		{8DF088B0-7DFE-4C49-9B05-C42B445DB658}.Release|ARM.ActiveCfg = Release|iPhoneSimulator
		{8DF088B0-7DFE-4C49-9B05-C42B445DB658}.Release|ARM.Build.0 = Release|iPhoneSimulator
		{8DF088B0-7DFE-4C49-9B05-C42B445DB658}.Release|ARM.Deploy.0 = Release|iPhoneSimulator
		{8DF088B0-7DFE-4C49-9B05-C42B445DB658}.Release|iPhone.ActiveCfg = Release|iPhone
		{8DF088B0-7DFE-4C49-9B05-C42B445DB658}.Release|iPhone.Build.0 = Release|iPhone
		{8DF088B0-7DFE-4C49-9B05-C42B445DB658}.Release|iPhone.Deploy.0 = Release|iPhone
		{8DF088B0-7DFE-4C49-9B05-C42B445DB658}.Release|iPhoneSimulator.ActiveCfg = Release|iPhoneSimulator
		{8DF088B0-7DFE-4C49-9B05-C42B445DB658}.Release|iPhoneSimulator.Build.0 = Release|iPhoneSimulator
		{8DF088B0-7DFE-4C49-9B05-C42B445DB658}.Release|iPhoneSimulator.Deploy.0 = Release|iPhoneSimulator
		{8DF088B0-7DFE-4C49-9B05-C42B445DB658}.Release|x64.ActiveCfg = Release|iPhoneSimulator
		{8DF088B0-7DFE-4C49-9B05-C42B445DB658}.Release|x64.Build.0 = Release|iPhoneSimulator
		{8DF088B0-7DFE-4C49-9B05-C42B445DB658}.Release|x64.Deploy.0 = Release|iPhoneSimulator
		{8DF088B0-7DFE-4C49-9B05-C42B445DB658}.Release|x86.ActiveCfg = Release|iPhoneSimulator
		{8DF088B0-7DFE-4C49-9B05-C42B445DB658}.Release|x86.Build.0 = Release|iPhoneSimulator
		{8DF088B0-7DFE-4C49-9B05-C42B445DB658}.Release|x86.Deploy.0 = Release|iPhoneSimulator
		{32916B50-64DC-4A57-84FD-0D2372F378A3}.Debug|Any CPU.ActiveCfg = Debug|Any CPU
		{32916B50-64DC-4A57-84FD-0D2372F378A3}.Debug|Any CPU.Build.0 = Debug|Any CPU
		{32916B50-64DC-4A57-84FD-0D2372F378A3}.Debug|Any CPU.Deploy.0 = Debug|Any CPU
		{32916B50-64DC-4A57-84FD-0D2372F378A3}.Debug|ARM.ActiveCfg = Debug|Any CPU
		{32916B50-64DC-4A57-84FD-0D2372F378A3}.Debug|ARM.Build.0 = Debug|Any CPU
		{32916B50-64DC-4A57-84FD-0D2372F378A3}.Debug|ARM.Deploy.0 = Debug|Any CPU
		{32916B50-64DC-4A57-84FD-0D2372F378A3}.Debug|iPhone.ActiveCfg = Debug|Any CPU
		{32916B50-64DC-4A57-84FD-0D2372F378A3}.Debug|iPhone.Build.0 = Debug|Any CPU
		{32916B50-64DC-4A57-84FD-0D2372F378A3}.Debug|iPhone.Deploy.0 = Debug|Any CPU
		{32916B50-64DC-4A57-84FD-0D2372F378A3}.Debug|iPhoneSimulator.ActiveCfg = Debug|Any CPU
		{32916B50-64DC-4A57-84FD-0D2372F378A3}.Debug|iPhoneSimulator.Build.0 = Debug|Any CPU
		{32916B50-64DC-4A57-84FD-0D2372F378A3}.Debug|iPhoneSimulator.Deploy.0 = Debug|Any CPU
		{32916B50-64DC-4A57-84FD-0D2372F378A3}.Debug|x64.ActiveCfg = Debug|Any CPU
		{32916B50-64DC-4A57-84FD-0D2372F378A3}.Debug|x64.Build.0 = Debug|Any CPU
		{32916B50-64DC-4A57-84FD-0D2372F378A3}.Debug|x64.Deploy.0 = Debug|Any CPU
		{32916B50-64DC-4A57-84FD-0D2372F378A3}.Debug|x86.ActiveCfg = Debug|Any CPU
		{32916B50-64DC-4A57-84FD-0D2372F378A3}.Debug|x86.Build.0 = Debug|Any CPU
		{32916B50-64DC-4A57-84FD-0D2372F378A3}.Debug|x86.Deploy.0 = Debug|Any CPU
		{32916B50-64DC-4A57-84FD-0D2372F378A3}.Release|Any CPU.ActiveCfg = Release|Any CPU
		{32916B50-64DC-4A57-84FD-0D2372F378A3}.Release|Any CPU.Build.0 = Release|Any CPU
		{32916B50-64DC-4A57-84FD-0D2372F378A3}.Release|Any CPU.Deploy.0 = Release|Any CPU
		{32916B50-64DC-4A57-84FD-0D2372F378A3}.Release|ARM.ActiveCfg = Release|Any CPU
		{32916B50-64DC-4A57-84FD-0D2372F378A3}.Release|ARM.Build.0 = Release|Any CPU
		{32916B50-64DC-4A57-84FD-0D2372F378A3}.Release|ARM.Deploy.0 = Release|Any CPU
		{32916B50-64DC-4A57-84FD-0D2372F378A3}.Release|iPhone.ActiveCfg = Release|Any CPU
		{32916B50-64DC-4A57-84FD-0D2372F378A3}.Release|iPhone.Build.0 = Release|Any CPU
		{32916B50-64DC-4A57-84FD-0D2372F378A3}.Release|iPhone.Deploy.0 = Release|Any CPU
		{32916B50-64DC-4A57-84FD-0D2372F378A3}.Release|iPhoneSimulator.ActiveCfg = Release|Any CPU
		{32916B50-64DC-4A57-84FD-0D2372F378A3}.Release|iPhoneSimulator.Build.0 = Release|Any CPU
		{32916B50-64DC-4A57-84FD-0D2372F378A3}.Release|iPhoneSimulator.Deploy.0 = Release|Any CPU
		{32916B50-64DC-4A57-84FD-0D2372F378A3}.Release|x64.ActiveCfg = Release|Any CPU
		{32916B50-64DC-4A57-84FD-0D2372F378A3}.Release|x64.Build.0 = Release|Any CPU
		{32916B50-64DC-4A57-84FD-0D2372F378A3}.Release|x64.Deploy.0 = Release|Any CPU
		{32916B50-64DC-4A57-84FD-0D2372F378A3}.Release|x86.ActiveCfg = Release|Any CPU
		{32916B50-64DC-4A57-84FD-0D2372F378A3}.Release|x86.Build.0 = Release|Any CPU
		{32916B50-64DC-4A57-84FD-0D2372F378A3}.Release|x86.Deploy.0 = Release|Any CPU
	EndGlobalSection
	GlobalSection(SolutionProperties) = preSolution
		HideSolutionNode = FALSE
	EndGlobalSection
	GlobalSection(ExtensibilityGlobals) = postSolution
		SolutionGuid = {26FF815D-46F3-440C-B4E8-01840713FF4F}
	EndGlobalSection
EndGlobal
