
Microsoft Visual Studio Solution File, Format Version 12.00
# Visual Studio Version 17
VisualStudioVersion = 17.0.31825.309
MinimumVisualStudioVersion = 10.0.40219.1
Project("{9A19103F-16F7-4668-BE54-9A1E7A4F7556}") = "TodoApp.Data", "TodoApp.Data\TodoApp.Data.csproj", "{B2E15352-386F-4532-B8D5-8E705E26A0DC}"
EndProject
Project("{9A19103F-16F7-4668-BE54-9A1E7A4F7556}") = "TodoApp.WPF", "TodoApp.WPF\TodoApp.WPF.csproj", "{DE9E41F0-6DA7-4A88-A502-9CC25A0D54B0}"
EndProject
Project("{9A19103F-16F7-4668-BE54-9A1E7A4F7556}") = "TodoAppService.NET6", "TodoAppService.NET6\TodoAppService.NET6.csproj", "{DFCC3FE7-431D-4934-98CC-256454B04D32}"
EndProject
Project("{FAE04EC0-301F-11D3-BF4B-00C04F79EFBC}") = "TodoApp.UWP", "TodoApp.UWP\TodoApp.UWP.csproj", "{6574AF3B-B49B-4989-9834-79B1F3D216D2}"
EndProject
Global
	GlobalSection(SolutionConfigurationPlatforms) = preSolution
		Debug|Any CPU = Debug|Any CPU
		Debug|ARM = Debug|ARM
		Debug|ARM64 = Debug|ARM64
		Debug|iPhone = Debug|iPhone
		Debug|iPhoneSimulator = Debug|iPhoneSimulator
		Debug|x64 = Debug|x64
		Debug|x86 = Debug|x86
		Release|Any CPU = Release|Any CPU
		Release|ARM = Release|ARM
		Release|ARM64 = Release|ARM64
		Release|iPhone = Release|iPhone
		Release|iPhoneSimulator = Release|iPhoneSimulator
		Release|x64 = Release|x64
		Release|x86 = Release|x86
	EndGlobalSection
	GlobalSection(ProjectConfigurationPlatforms) = postSolution
		{B2E15352-386F-4532-B8D5-8E705E26A0DC}.Debug|Any CPU.ActiveCfg = Debug|Any CPU
		{B2E15352-386F-4532-B8D5-8E705E26A0DC}.Debug|Any CPU.Build.0 = Debug|Any CPU
		{B2E15352-386F-4532-B8D5-8E705E26A0DC}.Debug|ARM.ActiveCfg = Debug|Any CPU
		{B2E15352-386F-4532-B8D5-8E705E26A0DC}.Debug|ARM.Build.0 = Debug|Any CPU
		{B2E15352-386F-4532-B8D5-8E705E26A0DC}.Debug|ARM64.ActiveCfg = Debug|Any CPU
		{B2E15352-386F-4532-B8D5-8E705E26A0DC}.Debug|ARM64.Build.0 = Debug|Any CPU
		{B2E15352-386F-4532-B8D5-8E705E26A0DC}.Debug|iPhone.ActiveCfg = Debug|Any CPU
		{B2E15352-386F-4532-B8D5-8E705E26A0DC}.Debug|iPhone.Build.0 = Debug|Any CPU
		{B2E15352-386F-4532-B8D5-8E705E26A0DC}.Debug|iPhoneSimulator.ActiveCfg = Debug|Any CPU
		{B2E15352-386F-4532-B8D5-8E705E26A0DC}.Debug|iPhoneSimulator.Build.0 = Debug|Any CPU
		{B2E15352-386F-4532-B8D5-8E705E26A0DC}.Debug|x64.ActiveCfg = Debug|Any CPU
		{B2E15352-386F-4532-B8D5-8E705E26A0DC}.Debug|x64.Build.0 = Debug|Any CPU
		{B2E15352-386F-4532-B8D5-8E705E26A0DC}.Debug|x86.ActiveCfg = Debug|Any CPU
		{B2E15352-386F-4532-B8D5-8E705E26A0DC}.Debug|x86.Build.0 = Debug|Any CPU
		{B2E15352-386F-4532-B8D5-8E705E26A0DC}.Release|Any CPU.ActiveCfg = Release|Any CPU
		{B2E15352-386F-4532-B8D5-8E705E26A0DC}.Release|Any CPU.Build.0 = Release|Any CPU
		{B2E15352-386F-4532-B8D5-8E705E26A0DC}.Release|ARM.ActiveCfg = Release|Any CPU
		{B2E15352-386F-4532-B8D5-8E705E26A0DC}.Release|ARM.Build.0 = Release|Any CPU
		{B2E15352-386F-4532-B8D5-8E705E26A0DC}.Release|ARM64.ActiveCfg = Release|Any CPU
		{B2E15352-386F-4532-B8D5-8E705E26A0DC}.Release|ARM64.Build.0 = Release|Any CPU
		{B2E15352-386F-4532-B8D5-8E705E26A0DC}.Release|iPhone.ActiveCfg = Release|Any CPU
		{B2E15352-386F-4532-B8D5-8E705E26A0DC}.Release|iPhone.Build.0 = Release|Any CPU
		{B2E15352-386F-4532-B8D5-8E705E26A0DC}.Release|iPhoneSimulator.ActiveCfg = Release|Any CPU
		{B2E15352-386F-4532-B8D5-8E705E26A0DC}.Release|iPhoneSimulator.Build.0 = Release|Any CPU
		{B2E15352-386F-4532-B8D5-8E705E26A0DC}.Release|x64.ActiveCfg = Release|Any CPU
		{B2E15352-386F-4532-B8D5-8E705E26A0DC}.Release|x64.Build.0 = Release|Any CPU
		{B2E15352-386F-4532-B8D5-8E705E26A0DC}.Release|x86.ActiveCfg = Release|Any CPU
		{B2E15352-386F-4532-B8D5-8E705E26A0DC}.Release|x86.Build.0 = Release|Any CPU
		{DE9E41F0-6DA7-4A88-A502-9CC25A0D54B0}.Debug|Any CPU.ActiveCfg = Debug|Any CPU
		{DE9E41F0-6DA7-4A88-A502-9CC25A0D54B0}.Debug|Any CPU.Build.0 = Debug|Any CPU
		{DE9E41F0-6DA7-4A88-A502-9CC25A0D54B0}.Debug|ARM.ActiveCfg = Debug|Any CPU
		{DE9E41F0-6DA7-4A88-A502-9CC25A0D54B0}.Debug|ARM.Build.0 = Debug|Any CPU
		{DE9E41F0-6DA7-4A88-A502-9CC25A0D54B0}.Debug|ARM64.ActiveCfg = Debug|Any CPU
		{DE9E41F0-6DA7-4A88-A502-9CC25A0D54B0}.Debug|ARM64.Build.0 = Debug|Any CPU
		{DE9E41F0-6DA7-4A88-A502-9CC25A0D54B0}.Debug|iPhone.ActiveCfg = Debug|Any CPU
		{DE9E41F0-6DA7-4A88-A502-9CC25A0D54B0}.Debug|iPhone.Build.0 = Debug|Any CPU
		{DE9E41F0-6DA7-4A88-A502-9CC25A0D54B0}.Debug|iPhoneSimulator.ActiveCfg = Debug|Any CPU
		{DE9E41F0-6DA7-4A88-A502-9CC25A0D54B0}.Debug|iPhoneSimulator.Build.0 = Debug|Any CPU
		{DE9E41F0-6DA7-4A88-A502-9CC25A0D54B0}.Debug|x64.ActiveCfg = Debug|Any CPU
		{DE9E41F0-6DA7-4A88-A502-9CC25A0D54B0}.Debug|x64.Build.0 = Debug|Any CPU
		{DE9E41F0-6DA7-4A88-A502-9CC25A0D54B0}.Debug|x86.ActiveCfg = Debug|Any CPU
		{DE9E41F0-6DA7-4A88-A502-9CC25A0D54B0}.Debug|x86.Build.0 = Debug|Any CPU
		{DE9E41F0-6DA7-4A88-A502-9CC25A0D54B0}.Release|Any CPU.ActiveCfg = Release|Any CPU
		{DE9E41F0-6DA7-4A88-A502-9CC25A0D54B0}.Release|Any CPU.Build.0 = Release|Any CPU
		{DE9E41F0-6DA7-4A88-A502-9CC25A0D54B0}.Release|ARM.ActiveCfg = Release|Any CPU
		{DE9E41F0-6DA7-4A88-A502-9CC25A0D54B0}.Release|ARM.Build.0 = Release|Any CPU
		{DE9E41F0-6DA7-4A88-A502-9CC25A0D54B0}.Release|ARM64.ActiveCfg = Release|Any CPU
		{DE9E41F0-6DA7-4A88-A502-9CC25A0D54B0}.Release|ARM64.Build.0 = Release|Any CPU
		{DE9E41F0-6DA7-4A88-A502-9CC25A0D54B0}.Release|iPhone.ActiveCfg = Release|Any CPU
		{DE9E41F0-6DA7-4A88-A502-9CC25A0D54B0}.Release|iPhone.Build.0 = Release|Any CPU
		{DE9E41F0-6DA7-4A88-A502-9CC25A0D54B0}.Release|iPhoneSimulator.ActiveCfg = Release|Any CPU
		{DE9E41F0-6DA7-4A88-A502-9CC25A0D54B0}.Release|iPhoneSimulator.Build.0 = Release|Any CPU
		{DE9E41F0-6DA7-4A88-A502-9CC25A0D54B0}.Release|x64.ActiveCfg = Release|Any CPU
		{DE9E41F0-6DA7-4A88-A502-9CC25A0D54B0}.Release|x64.Build.0 = Release|Any CPU
		{DE9E41F0-6DA7-4A88-A502-9CC25A0D54B0}.Release|x86.ActiveCfg = Release|Any CPU
		{DE9E41F0-6DA7-4A88-A502-9CC25A0D54B0}.Release|x86.Build.0 = Release|Any CPU
		{DFCC3FE7-431D-4934-98CC-256454B04D32}.Debug|Any CPU.ActiveCfg = Debug|Any CPU
		{DFCC3FE7-431D-4934-98CC-256454B04D32}.Debug|Any CPU.Build.0 = Debug|Any CPU
		{DFCC3FE7-431D-4934-98CC-256454B04D32}.Debug|ARM.ActiveCfg = Debug|Any CPU
		{DFCC3FE7-431D-4934-98CC-256454B04D32}.Debug|ARM.Build.0 = Debug|Any CPU
		{DFCC3FE7-431D-4934-98CC-256454B04D32}.Debug|ARM64.ActiveCfg = Debug|Any CPU
		{DFCC3FE7-431D-4934-98CC-256454B04D32}.Debug|ARM64.Build.0 = Debug|Any CPU
		{DFCC3FE7-431D-4934-98CC-256454B04D32}.Debug|iPhone.ActiveCfg = Debug|Any CPU
		{DFCC3FE7-431D-4934-98CC-256454B04D32}.Debug|iPhone.Build.0 = Debug|Any CPU
		{DFCC3FE7-431D-4934-98CC-256454B04D32}.Debug|iPhoneSimulator.ActiveCfg = Debug|Any CPU
		{DFCC3FE7-431D-4934-98CC-256454B04D32}.Debug|iPhoneSimulator.Build.0 = Debug|Any CPU
		{DFCC3FE7-431D-4934-98CC-256454B04D32}.Debug|x64.ActiveCfg = Debug|Any CPU
		{DFCC3FE7-431D-4934-98CC-256454B04D32}.Debug|x64.Build.0 = Debug|Any CPU
		{DFCC3FE7-431D-4934-98CC-256454B04D32}.Debug|x86.ActiveCfg = Debug|Any CPU
		{DFCC3FE7-431D-4934-98CC-256454B04D32}.Debug|x86.Build.0 = Debug|Any CPU
		{DFCC3FE7-431D-4934-98CC-256454B04D32}.Release|Any CPU.ActiveCfg = Release|Any CPU
		{DFCC3FE7-431D-4934-98CC-256454B04D32}.Release|Any CPU.Build.0 = Release|Any CPU
		{DFCC3FE7-431D-4934-98CC-256454B04D32}.Release|ARM.ActiveCfg = Release|Any CPU
		{DFCC3FE7-431D-4934-98CC-256454B04D32}.Release|ARM.Build.0 = Release|Any CPU
		{DFCC3FE7-431D-4934-98CC-256454B04D32}.Release|ARM64.ActiveCfg = Release|Any CPU
		{DFCC3FE7-431D-4934-98CC-256454B04D32}.Release|ARM64.Build.0 = Release|Any CPU
		{DFCC3FE7-431D-4934-98CC-256454B04D32}.Release|iPhone.ActiveCfg = Release|Any CPU
		{DFCC3FE7-431D-4934-98CC-256454B04D32}.Release|iPhone.Build.0 = Release|Any CPU
		{DFCC3FE7-431D-4934-98CC-256454B04D32}.Release|iPhoneSimulator.ActiveCfg = Release|Any CPU
		{DFCC3FE7-431D-4934-98CC-256454B04D32}.Release|iPhoneSimulator.Build.0 = Release|Any CPU
		{DFCC3FE7-431D-4934-98CC-256454B04D32}.Release|x64.ActiveCfg = Release|Any CPU
		{DFCC3FE7-431D-4934-98CC-256454B04D32}.Release|x64.Build.0 = Release|Any CPU
		{DFCC3FE7-431D-4934-98CC-256454B04D32}.Release|x86.ActiveCfg = Release|Any CPU
		{DFCC3FE7-431D-4934-98CC-256454B04D32}.Release|x86.Build.0 = Release|Any CPU
		{6574AF3B-B49B-4989-9834-79B1F3D216D2}.Debug|Any CPU.ActiveCfg = Debug|x64
		{6574AF3B-B49B-4989-9834-79B1F3D216D2}.Debug|Any CPU.Build.0 = Debug|x64
		{6574AF3B-B49B-4989-9834-79B1F3D216D2}.Debug|Any CPU.Deploy.0 = Debug|x64
		{6574AF3B-B49B-4989-9834-79B1F3D216D2}.Debug|ARM.ActiveCfg = Debug|ARM
		{6574AF3B-B49B-4989-9834-79B1F3D216D2}.Debug|ARM.Build.0 = Debug|ARM
		{6574AF3B-B49B-4989-9834-79B1F3D216D2}.Debug|ARM.Deploy.0 = Debug|ARM
		{6574AF3B-B49B-4989-9834-79B1F3D216D2}.Debug|ARM64.ActiveCfg = Debug|ARM64
		{6574AF3B-B49B-4989-9834-79B1F3D216D2}.Debug|ARM64.Build.0 = Debug|ARM64
		{6574AF3B-B49B-4989-9834-79B1F3D216D2}.Debug|ARM64.Deploy.0 = Debug|ARM64
		{6574AF3B-B49B-4989-9834-79B1F3D216D2}.Debug|iPhone.ActiveCfg = Debug|x64
		{6574AF3B-B49B-4989-9834-79B1F3D216D2}.Debug|iPhone.Build.0 = Debug|x64
		{6574AF3B-B49B-4989-9834-79B1F3D216D2}.Debug|iPhone.Deploy.0 = Debug|x64
		{6574AF3B-B49B-4989-9834-79B1F3D216D2}.Debug|iPhoneSimulator.ActiveCfg = Debug|x64
		{6574AF3B-B49B-4989-9834-79B1F3D216D2}.Debug|iPhoneSimulator.Build.0 = Debug|x64
		{6574AF3B-B49B-4989-9834-79B1F3D216D2}.Debug|iPhoneSimulator.Deploy.0 = Debug|x64
		{6574AF3B-B49B-4989-9834-79B1F3D216D2}.Debug|x64.ActiveCfg = Debug|x64
		{6574AF3B-B49B-4989-9834-79B1F3D216D2}.Debug|x64.Build.0 = Debug|x64
		{6574AF3B-B49B-4989-9834-79B1F3D216D2}.Debug|x64.Deploy.0 = Debug|x64
		{6574AF3B-B49B-4989-9834-79B1F3D216D2}.Debug|x86.ActiveCfg = Debug|x86
		{6574AF3B-B49B-4989-9834-79B1F3D216D2}.Debug|x86.Build.0 = Debug|x86
		{6574AF3B-B49B-4989-9834-79B1F3D216D2}.Debug|x86.Deploy.0 = Debug|x86
		{6574AF3B-B49B-4989-9834-79B1F3D216D2}.Release|Any CPU.ActiveCfg = Release|x64
		{6574AF3B-B49B-4989-9834-79B1F3D216D2}.Release|Any CPU.Build.0 = Release|x64
		{6574AF3B-B49B-4989-9834-79B1F3D216D2}.Release|Any CPU.Deploy.0 = Release|x64
		{6574AF3B-B49B-4989-9834-79B1F3D216D2}.Release|ARM.ActiveCfg = Release|ARM
		{6574AF3B-B49B-4989-9834-79B1F3D216D2}.Release|ARM.Build.0 = Release|ARM
		{6574AF3B-B49B-4989-9834-79B1F3D216D2}.Release|ARM.Deploy.0 = Release|ARM
		{6574AF3B-B49B-4989-9834-79B1F3D216D2}.Release|ARM64.ActiveCfg = Release|ARM64
		{6574AF3B-B49B-4989-9834-79B1F3D216D2}.Release|ARM64.Build.0 = Release|ARM64
		{6574AF3B-B49B-4989-9834-79B1F3D216D2}.Release|ARM64.Deploy.0 = Release|ARM64
		{6574AF3B-B49B-4989-9834-79B1F3D216D2}.Release|iPhone.ActiveCfg = Release|x64
		{6574AF3B-B49B-4989-9834-79B1F3D216D2}.Release|iPhone.Build.0 = Release|x64
		{6574AF3B-B49B-4989-9834-79B1F3D216D2}.Release|iPhone.Deploy.0 = Release|x64
		{6574AF3B-B49B-4989-9834-79B1F3D216D2}.Release|iPhoneSimulator.ActiveCfg = Release|x64
		{6574AF3B-B49B-4989-9834-79B1F3D216D2}.Release|iPhoneSimulator.Build.0 = Release|x64
		{6574AF3B-B49B-4989-9834-79B1F3D216D2}.Release|iPhoneSimulator.Deploy.0 = Release|x64
		{6574AF3B-B49B-4989-9834-79B1F3D216D2}.Release|x64.ActiveCfg = Release|x64
		{6574AF3B-B49B-4989-9834-79B1F3D216D2}.Release|x64.Build.0 = Release|x64
		{6574AF3B-B49B-4989-9834-79B1F3D216D2}.Release|x64.Deploy.0 = Release|x64
		{6574AF3B-B49B-4989-9834-79B1F3D216D2}.Release|x86.ActiveCfg = Release|x86
		{6574AF3B-B49B-4989-9834-79B1F3D216D2}.Release|x86.Build.0 = Release|x86
		{6574AF3B-B49B-4989-9834-79B1F3D216D2}.Release|x86.Deploy.0 = Release|x86
	EndGlobalSection
	GlobalSection(SolutionProperties) = preSolution
		HideSolutionNode = FALSE
	EndGlobalSection
	GlobalSection(ExtensibilityGlobals) = postSolution
		SolutionGuid = {C795A099-1B39-4A0B-8EAB-C29515B39324}
	EndGlobalSection
EndGlobal
