
Microsoft Visual Studio Solution File, Format Version 12.00
# Visual Studio Version 17
VisualStudioVersion = 17.4.33205.214
MinimumVisualStudioVersion = 10.0.40219.1
Project("{9A19103F-16F7-4668-BE54-9A1E7A4F7556}") = "Samples.Blazor.Server", "Samples.Blazor\Server\Samples.Blazor.Server.csproj", "{28563231-FC62-46E7-A206-FB8A6D6F313E}"
EndProject
Project("{9A19103F-16F7-4668-BE54-9A1E7A4F7556}") = "Samples.Blazor.Client", "Samples.Blazor\Client\Samples.Blazor.Client.csproj", "{3A04E5A9-5993-4B0E-9736-9758602D15F0}"
EndProject
Global
	GlobalSection(SolutionConfigurationPlatforms) = preSolution
		Debug|Any CPU = Debug|Any CPU
		Release|Any CPU = Release|Any CPU
	EndGlobalSection
	GlobalSection(ProjectConfigurationPlatforms) = postSolution
		{28563231-FC62-46E7-A206-FB8A6D6F313E}.Debug|Any CPU.ActiveCfg = Debug|Any CPU
		{28563231-FC62-46E7-A206-FB8A6D6F313E}.Debug|Any CPU.Build.0 = Debug|Any CPU
		{28563231-FC62-46E7-A206-FB8A6D6F313E}.Release|Any CPU.ActiveCfg = Release|Any CPU
		{28563231-FC62-46E7-A206-FB8A6D6F313E}.Release|Any CPU.Build.0 = Release|Any CPU
		{3A04E5A9-5993-4B0E-9736-9758602D15F0}.Debug|Any CPU.ActiveCfg = Debug|Any CPU
		{3A04E5A9-5993-4B0E-9736-9758602D15F0}.Debug|Any CPU.Build.0 = Debug|Any CPU
		{3A04E5A9-5993-4B0E-9736-9758602D15F0}.Release|Any CPU.ActiveCfg = Release|Any CPU
		{3A04E5A9-5993-4B0E-9736-9758602D15F0}.Release|Any CPU.Build.0 = Release|Any CPU
	EndGlobalSection
	GlobalSection(SolutionProperties) = preSolution
		HideSolutionNode = FALSE
	EndGlobalSection
	GlobalSection(ExtensibilityGlobals) = postSolution
		SolutionGuid = {28292BA9-61C5-42EB-8994-C2C65E8A411A}
	EndGlobalSection
EndGlobal
